
Microsoft Visual Studio Solution File, Format Version 12.00
# Visual Studio Version 17
VisualStudioVersion = 17.7.34031.279
MinimumVisualStudioVersion = 10.0.40219.1
Project("{FAE04EC0-301F-11D3-BF4B-00C04F79EFBC}") = "001_HelloWorld", "001_HelloWorld\001_HelloWorld.csproj", "{DB1B4A0D-4602-4FD9-9983-16B94ABAEE20}"
EndProject
Project("{9A19103F-16F7-4668-BE54-9A1E7A4F7556}") = "002_HelloWorld2", "002_HelloWorld\002_HelloWorld2.csproj", "{A9A3C2D7-DAAF-4725-A2D7-F07DE787BAB6}"
EndProject
Project("{9A19103F-16F7-4668-BE54-9A1E7A4F7556}") = "003_HelloWorld3", "003_HellowWorld3\003_HelloWorld3.csproj", "{B512A75D-E41A-4E16-A21F-00F68714D285}"
EndProject
Project("{FAE04EC0-301F-11D3-BF4B-00C04F79EFBC}") = "004_Check", "004_Check\004_Check.csproj", "{B8B0DCDD-D1F4-4649-BC57-C6CBB6BF702D}"
EndProject
Project("{FAE04EC0-301F-11D3-BF4B-00C04F79EFBC}") = "005_Check", "005_Check\005_Check.csproj", "{5C15A609-3506-47F7-880E-883D0409F8EB}"
EndProject
Project("{FAE04EC0-301F-11D3-BF4B-00C04F79EFBC}") = "006_Variable", "006_Variable\006_Variable.csproj", "{B6C3F1DA-BCD9-4587-BAA4-333281C417FC}"
EndProject
Project("{FAE04EC0-301F-11D3-BF4B-00C04F79EFBC}") = "007_Variable", "007_Variable\007_Variable.csproj", "{E336A07F-7632-4588-9835-04B0216344A0}"
EndProject
Project("{FAE04EC0-301F-11D3-BF4B-00C04F79EFBC}") = "008_Data1", "008_Data1\008_Data1.csproj", "{644EB573-CA97-4520-A40B-B622E5A7D30A}"
EndProject
Project("{FAE04EC0-301F-11D3-BF4B-00C04F79EFBC}") = "009_Data2", "009_Data2\009_Data2.csproj", "{B59E0625-ED0E-42DF-9A1C-8D6CDA4819DB}"
EndProject
Project("{FAE04EC0-301F-11D3-BF4B-00C04F79EFBC}") = "010_Data3", "010_Data3\010_Data3.csproj", "{96622A20-154E-4E24-A578-558315C5442C}"
EndProject
Project("{FAE04EC0-301F-11D3-BF4B-00C04F79EFBC}") = "011_Data4", "011_Data4\011_Data4.csproj", "{B1AF001E-9D14-448B-9110-99E8A7A8EFA5}"
EndProject
Project("{FAE04EC0-301F-11D3-BF4B-00C04F79EFBC}") = "012_Data5", "012_Data5\012_Data5.csproj", "{C1549BA0-9EA1-44CC-B2B8-F93F4A37C459}"
EndProject
Global
	GlobalSection(SolutionConfigurationPlatforms) = preSolution
		Debug|Any CPU = Debug|Any CPU
		Release|Any CPU = Release|Any CPU
	EndGlobalSection
	GlobalSection(ProjectConfigurationPlatforms) = postSolution
		{DB1B4A0D-4602-4FD9-9983-16B94ABAEE20}.Debug|Any CPU.ActiveCfg = Debug|Any CPU
		{DB1B4A0D-4602-4FD9-9983-16B94ABAEE20}.Debug|Any CPU.Build.0 = Debug|Any CPU
		{DB1B4A0D-4602-4FD9-9983-16B94ABAEE20}.Release|Any CPU.ActiveCfg = Release|Any CPU
		{DB1B4A0D-4602-4FD9-9983-16B94ABAEE20}.Release|Any CPU.Build.0 = Release|Any CPU
		{A9A3C2D7-DAAF-4725-A2D7-F07DE787BAB6}.Debug|Any CPU.ActiveCfg = Debug|Any CPU
		{A9A3C2D7-DAAF-4725-A2D7-F07DE787BAB6}.Debug|Any CPU.Build.0 = Debug|Any CPU
		{A9A3C2D7-DAAF-4725-A2D7-F07DE787BAB6}.Release|Any CPU.ActiveCfg = Release|Any CPU
		{A9A3C2D7-DAAF-4725-A2D7-F07DE787BAB6}.Release|Any CPU.Build.0 = Release|Any CPU
		{B512A75D-E41A-4E16-A21F-00F68714D285}.Debug|Any CPU.ActiveCfg = Debug|Any CPU
		{B512A75D-E41A-4E16-A21F-00F68714D285}.Debug|Any CPU.Build.0 = Debug|Any CPU
		{B512A75D-E41A-4E16-A21F-00F68714D285}.Release|Any CPU.ActiveCfg = Release|Any CPU
		{B512A75D-E41A-4E16-A21F-00F68714D285}.Release|Any CPU.Build.0 = Release|Any CPU
		{B8B0DCDD-D1F4-4649-BC57-C6CBB6BF702D}.Debug|Any CPU.ActiveCfg = Debug|Any CPU
		{B8B0DCDD-D1F4-4649-BC57-C6CBB6BF702D}.Debug|Any CPU.Build.0 = Debug|Any CPU
		{B8B0DCDD-D1F4-4649-BC57-C6CBB6BF702D}.Release|Any CPU.ActiveCfg = Release|Any CPU
		{B8B0DCDD-D1F4-4649-BC57-C6CBB6BF702D}.Release|Any CPU.Build.0 = Release|Any CPU
		{5C15A609-3506-47F7-880E-883D0409F8EB}.Debug|Any CPU.ActiveCfg = Debug|Any CPU
		{5C15A609-3506-47F7-880E-883D0409F8EB}.Debug|Any CPU.Build.0 = Debug|Any CPU
		{5C15A609-3506-47F7-880E-883D0409F8EB}.Release|Any CPU.ActiveCfg = Release|Any CPU
		{5C15A609-3506-47F7-880E-883D0409F8EB}.Release|Any CPU.Build.0 = Release|Any CPU
		{B6C3F1DA-BCD9-4587-BAA4-333281C417FC}.Debug|Any CPU.ActiveCfg = Debug|Any CPU
		{B6C3F1DA-BCD9-4587-BAA4-333281C417FC}.Debug|Any CPU.Build.0 = Debug|Any CPU
		{B6C3F1DA-BCD9-4587-BAA4-333281C417FC}.Release|Any CPU.ActiveCfg = Release|Any CPU
		{B6C3F1DA-BCD9-4587-BAA4-333281C417FC}.Release|Any CPU.Build.0 = Release|Any CPU
		{E336A07F-7632-4588-9835-04B0216344A0}.Debug|Any CPU.ActiveCfg = Debug|Any CPU
		{E336A07F-7632-4588-9835-04B0216344A0}.Debug|Any CPU.Build.0 = Debug|Any CPU
		{E336A07F-7632-4588-9835-04B0216344A0}.Release|Any CPU.ActiveCfg = Release|Any CPU
		{E336A07F-7632-4588-9835-04B0216344A0}.Release|Any CPU.Build.0 = Release|Any CPU
		{644EB573-CA97-4520-A40B-B622E5A7D30A}.Debug|Any CPU.ActiveCfg = Debug|Any CPU
		{644EB573-CA97-4520-A40B-B622E5A7D30A}.Debug|Any CPU.Build.0 = Debug|Any CPU
		{644EB573-CA97-4520-A40B-B622E5A7D30A}.Release|Any CPU.ActiveCfg = Release|Any CPU
		{644EB573-CA97-4520-A40B-B622E5A7D30A}.Release|Any CPU.Build.0 = Release|Any CPU
		{B59E0625-ED0E-42DF-9A1C-8D6CDA4819DB}.Debug|Any CPU.ActiveCfg = Debug|Any CPU
		{B59E0625-ED0E-42DF-9A1C-8D6CDA4819DB}.Debug|Any CPU.Build.0 = Debug|Any CPU
		{B59E0625-ED0E-42DF-9A1C-8D6CDA4819DB}.Release|Any CPU.ActiveCfg = Release|Any CPU
		{B59E0625-ED0E-42DF-9A1C-8D6CDA4819DB}.Release|Any CPU.Build.0 = Release|Any CPU
		{96622A20-154E-4E24-A578-558315C5442C}.Debug|Any CPU.ActiveCfg = Debug|Any CPU
		{96622A20-154E-4E24-A578-558315C5442C}.Debug|Any CPU.Build.0 = Debug|Any CPU
		{96622A20-154E-4E24-A578-558315C5442C}.Release|Any CPU.ActiveCfg = Release|Any CPU
		{96622A20-154E-4E24-A578-558315C5442C}.Release|Any CPU.Build.0 = Release|Any CPU
		{B1AF001E-9D14-448B-9110-99E8A7A8EFA5}.Debug|Any CPU.ActiveCfg = Debug|Any CPU
		{B1AF001E-9D14-448B-9110-99E8A7A8EFA5}.Debug|Any CPU.Build.0 = Debug|Any CPU
		{B1AF001E-9D14-448B-9110-99E8A7A8EFA5}.Release|Any CPU.ActiveCfg = Release|Any CPU
		{B1AF001E-9D14-448B-9110-99E8A7A8EFA5}.Release|Any CPU.Build.0 = Release|Any CPU
		{C1549BA0-9EA1-44CC-B2B8-F93F4A37C459}.Debug|Any CPU.ActiveCfg = Debug|Any CPU
		{C1549BA0-9EA1-44CC-B2B8-F93F4A37C459}.Debug|Any CPU.Build.0 = Debug|Any CPU
		{C1549BA0-9EA1-44CC-B2B8-F93F4A37C459}.Release|Any CPU.ActiveCfg = Release|Any CPU
		{C1549BA0-9EA1-44CC-B2B8-F93F4A37C459}.Release|Any CPU.Build.0 = Release|Any CPU
	EndGlobalSection
	GlobalSection(SolutionProperties) = preSolution
		HideSolutionNode = FALSE
	EndGlobalSection
	GlobalSection(ExtensibilityGlobals) = postSolution
		SolutionGuid = {1ECDE473-3716-4F6F-B066-786A0C5CED51}
	EndGlobalSection
EndGlobal
