
Microsoft Visual Studio Solution File, Format Version 12.00
# Visual Studio Version 17
VisualStudioVersion = 17.7.34031.279
MinimumVisualStudioVersion = 10.0.40219.1
Project("{FAE04EC0-301F-11D3-BF4B-00C04F79EFBC}") = "001_HelloWorld", "001_HelloWorld\001_HelloWorld.csproj", "{DB1B4A0D-4602-4FD9-9983-16B94ABAEE20}"
EndProject
Global
	GlobalSection(SolutionConfigurationPlatforms) = preSolution
		Debug|Any CPU = Debug|Any CPU
		Release|Any CPU = Release|Any CPU
	EndGlobalSection
	GlobalSection(ProjectConfigurationPlatforms) = postSolution
		{DB1B4A0D-4602-4FD9-9983-16B94ABAEE20}.Debug|Any CPU.ActiveCfg = Debug|Any CPU
		{DB1B4A0D-4602-4FD9-9983-16B94ABAEE20}.Debug|Any CPU.Build.0 = Debug|Any CPU
		{DB1B4A0D-4602-4FD9-9983-16B94ABAEE20}.Release|Any CPU.ActiveCfg = Release|Any CPU
		{DB1B4A0D-4602-4FD9-9983-16B94ABAEE20}.Release|Any CPU.Build.0 = Release|Any CPU
	EndGlobalSection
	GlobalSection(SolutionProperties) = preSolution
		HideSolutionNode = FALSE
	EndGlobalSection
	GlobalSection(ExtensibilityGlobals) = postSolution
		SolutionGuid = {1ECDE473-3716-4F6F-B066-786A0C5CED51}
	EndGlobalSection
EndGlobal
