
Microsoft Visual Studio Solution File, Format Version 12.00
# Visual Studio Version 17
VisualStudioVersion = 17.7.34031.279
MinimumVisualStudioVersion = 10.0.40219.1
Project("{FAE04EC0-301F-11D3-BF4B-00C04F79EFBC}") = "001_HelloWorld", "001_HelloWorld\001_HelloWorld.csproj", "{DB1B4A0D-4602-4FD9-9983-16B94ABAEE20}"
EndProject
Project("{9A19103F-16F7-4668-BE54-9A1E7A4F7556}") = "002_HelloWorld2", "002_HelloWorld\002_HelloWorld2.csproj", "{A9A3C2D7-DAAF-4725-A2D7-F07DE787BAB6}"
EndProject
Project("{9A19103F-16F7-4668-BE54-9A1E7A4F7556}") = "003_HelloWorld3", "003_HellowWorld3\003_HelloWorld3.csproj", "{B512A75D-E41A-4E16-A21F-00F68714D285}"
EndProject
Project("{FAE04EC0-301F-11D3-BF4B-00C04F79EFBC}") = "004_Check", "004_Check\004_Check.csproj", "{B8B0DCDD-D1F4-4649-BC57-C6CBB6BF702D}"
EndProject
Project("{FAE04EC0-301F-11D3-BF4B-00C04F79EFBC}") = "005_Check", "005_Check\005_Check.csproj", "{5C15A609-3506-47F7-880E-883D0409F8EB}"
EndProject
Project("{FAE04EC0-301F-11D3-BF4B-00C04F79EFBC}") = "006_Variable", "006_Variable\006_Variable.csproj", "{B6C3F1DA-BCD9-4587-BAA4-333281C417FC}"
EndProject
Project("{FAE04EC0-301F-11D3-BF4B-00C04F79EFBC}") = "007_Variable", "007_Variable\007_Variable.csproj", "{E336A07F-7632-4588-9835-04B0216344A0}"
EndProject
Project("{FAE04EC0-301F-11D3-BF4B-00C04F79EFBC}") = "008_Data1", "008_Data1\008_Data1.csproj", "{644EB573-CA97-4520-A40B-B622E5A7D30A}"
EndProject
Project("{FAE04EC0-301F-11D3-BF4B-00C04F79EFBC}") = "009_Data2", "009_Data2\009_Data2.csproj", "{B59E0625-ED0E-42DF-9A1C-8D6CDA4819DB}"
EndProject
Project("{FAE04EC0-301F-11D3-BF4B-00C04F79EFBC}") = "010_Data3", "010_Data3\010_Data3.csproj", "{96622A20-154E-4E24-A578-558315C5442C}"
EndProject
Project("{FAE04EC0-301F-11D3-BF4B-00C04F79EFBC}") = "011_Data4", "011_Data4\011_Data4.csproj", "{B1AF001E-9D14-448B-9110-99E8A7A8EFA5}"
EndProject
Project("{FAE04EC0-301F-11D3-BF4B-00C04F79EFBC}") = "012_Data5", "012_Data5\012_Data5.csproj", "{C1549BA0-9EA1-44CC-B2B8-F93F4A37C459}"
EndProject
Project("{FAE04EC0-301F-11D3-BF4B-00C04F79EFBC}") = "013_Data6", "013_Data6\013_Data6.csproj", "{C6485CA0-1F6C-49F0-A536-2F2E5166A19C}"
EndProject
Project("{FAE04EC0-301F-11D3-BF4B-00C04F79EFBC}") = "014_Data7", "014_Data7\014_Data7.csproj", "{7FFA1948-7FEE-4103-A30C-90EF1DD34D28}"
EndProject
Project("{FAE04EC0-301F-11D3-BF4B-00C04F79EFBC}") = "015_Data8", "015_Data8\015_Data8.csproj", "{190862EB-8956-4BAD-8165-131990950313}"
EndProject
Project("{FAE04EC0-301F-11D3-BF4B-00C04F79EFBC}") = "016_String", "016_String\016_String.csproj", "{0E842AAC-D3AB-45D7-953C-5FB1E5E5133C}"
EndProject
Project("{FAE04EC0-301F-11D3-BF4B-00C04F79EFBC}") = "017_Data_bool", "017_Data_bool\017_Data_bool.csproj", "{9EE8A7D6-B7D3-4E94-9FA9-30E1FCD536F7}"
EndProject
Project("{FAE04EC0-301F-11D3-BF4B-00C04F79EFBC}") = "018_Data_object", "018_Data_object\018_Data_object.csproj", "{1CFAC017-21AA-4214-839D-F813D82241F5}"
EndProject
Project("{FAE04EC0-301F-11D3-BF4B-00C04F79EFBC}") = "019_Data_enum", "019_Data_enum\019_Data_enum.csproj", "{C71EC624-6FFF-49BA-AAE9-EA5C28C53095}"
EndProject
Project("{FAE04EC0-301F-11D3-BF4B-00C04F79EFBC}") = "020_Data_enum2", "020_Data_enum2\020_Data_enum2.csproj", "{0EE364D2-8C02-44AD-9FBB-9E812A2A8B2B}"
EndProject
Project("{FAE04EC0-301F-11D3-BF4B-00C04F79EFBC}") = "021_Data_nullable", "021_Data_nullable\021_Data_nullable.csproj", "{FF719353-1E80-4DD7-ACDD-A199E7C4DD44}"
EndProject
Project("{FAE04EC0-301F-11D3-BF4B-00C04F79EFBC}") = "022_Data_var", "022_Data_var\022_Data_var.csproj", "{56DCFD2F-C99E-44A9-9030-3370B621EA40}"
EndProject
Project("{FAE04EC0-301F-11D3-BF4B-00C04F79EFBC}") = "023_Data_const", "023_Data_const\023_Data_const.csproj", "{285B403F-991D-40E3-B72D-660C99EB3CF3}"
EndProject
Project("{FAE04EC0-301F-11D3-BF4B-00C04F79EFBC}") = "024_Data_cast", "024_Data_cast\024_Data_cast.csproj", "{5FF02CD2-0A44-476B-ACBB-6AD5A60803FB}"
EndProject
Project("{FAE04EC0-301F-11D3-BF4B-00C04F79EFBC}") = "025_Data_ToString", "025_Data_ToString\025_Data_ToString.csproj", "{402B3E7F-3B40-4BC0-808F-8355820C2BB5}"
EndProject
Project("{FAE04EC0-301F-11D3-BF4B-00C04F79EFBC}") = "026_ Data_Parse", "026_ Data_Parse\026_ Data_Parse.csproj", "{645FFC65-1561-4451-B918-C48182456121}"
EndProject
Project("{FAE04EC0-301F-11D3-BF4B-00C04F79EFBC}") = "027_Data_Convert", "027_Data_Convert\027_Data_Convert.csproj", "{D8D9F4E9-1BE5-40C0-99E0-9F975484B738}"
EndProject
Project("{FAE04EC0-301F-11D3-BF4B-00C04F79EFBC}") = "028_Data_Reference", "028_Data_Reference\028_Data_Reference.csproj", "{6A4C0222-33CD-4F57-89F9-F62B1C6837DF}"
EndProject
Project("{FAE04EC0-301F-11D3-BF4B-00C04F79EFBC}") = "029_Data_boxing", "029_Data_boxing\029_Data_boxing.csproj", "{54A5E2E2-2028-42D7-AB60-54F8BCCF331F}"
EndProject
Project("{FAE04EC0-301F-11D3-BF4B-00C04F79EFBC}") = "030_ReadLine", "30_ReadLine\030_ReadLine.csproj", "{93532E6F-3032-4FFA-9702-E15C2ADF9819}"
EndProject
Project("{FAE04EC0-301F-11D3-BF4B-00C04F79EFBC}") = "031_ReadLine2", "031_ReadLine2\031_ReadLine2.csproj", "{3C12BA56-44A0-4936-B3C5-E3D946C248BB}"
EndProject
Project("{FAE04EC0-301F-11D3-BF4B-00C04F79EFBC}") = "033_Check", "033_Check\033_Check.csproj", "{F574A56F-AA95-4099-8C76-6E8CC8F77672}"
EndProject
Project("{FAE04EC0-301F-11D3-BF4B-00C04F79EFBC}") = "032_Check", "032_Check\032_Check.csproj", "{4E06CE60-9829-42FF-9A84-6D8BB8F505F8}"
EndProject
Project("{FAE04EC0-301F-11D3-BF4B-00C04F79EFBC}") = "034_Operator1", "034_Operator1\034_Operator1.csproj", "{84CA374E-DCC0-451E-9A49-3A26E0785138}"
EndProject
Project("{FAE04EC0-301F-11D3-BF4B-00C04F79EFBC}") = "035_Operator2", "035_Operator2\035_Operator2.csproj", "{39839D86-2656-4077-81D2-E6A8477BB898}"
EndProject
Project("{FAE04EC0-301F-11D3-BF4B-00C04F79EFBC}") = "036_Operator3", "036_Operator3\036_Operator3.csproj", "{895F6F2D-F9B0-4206-9A90-25D548A11153}"
EndProject
Project("{FAE04EC0-301F-11D3-BF4B-00C04F79EFBC}") = "037_Operator4", "037_Operator4\037_Operator4.csproj", "{BEE533AE-EF2F-4C7F-902B-CDBDDB584749}"
EndProject
Project("{FAE04EC0-301F-11D3-BF4B-00C04F79EFBC}") = "038_Operator5", "038_Operator5\038_Operator5.csproj", "{6B86DED9-E62B-4A50-A932-8B5781C6D961}"
EndProject
Global
	GlobalSection(SolutionConfigurationPlatforms) = preSolution
		Debug|Any CPU = Debug|Any CPU
		Release|Any CPU = Release|Any CPU
	EndGlobalSection
	GlobalSection(ProjectConfigurationPlatforms) = postSolution
		{DB1B4A0D-4602-4FD9-9983-16B94ABAEE20}.Debug|Any CPU.ActiveCfg = Debug|Any CPU
		{DB1B4A0D-4602-4FD9-9983-16B94ABAEE20}.Debug|Any CPU.Build.0 = Debug|Any CPU
		{DB1B4A0D-4602-4FD9-9983-16B94ABAEE20}.Release|Any CPU.ActiveCfg = Release|Any CPU
		{DB1B4A0D-4602-4FD9-9983-16B94ABAEE20}.Release|Any CPU.Build.0 = Release|Any CPU
		{A9A3C2D7-DAAF-4725-A2D7-F07DE787BAB6}.Debug|Any CPU.ActiveCfg = Debug|Any CPU
		{A9A3C2D7-DAAF-4725-A2D7-F07DE787BAB6}.Debug|Any CPU.Build.0 = Debug|Any CPU
		{A9A3C2D7-DAAF-4725-A2D7-F07DE787BAB6}.Release|Any CPU.ActiveCfg = Release|Any CPU
		{A9A3C2D7-DAAF-4725-A2D7-F07DE787BAB6}.Release|Any CPU.Build.0 = Release|Any CPU
		{B512A75D-E41A-4E16-A21F-00F68714D285}.Debug|Any CPU.ActiveCfg = Debug|Any CPU
		{B512A75D-E41A-4E16-A21F-00F68714D285}.Debug|Any CPU.Build.0 = Debug|Any CPU
		{B512A75D-E41A-4E16-A21F-00F68714D285}.Release|Any CPU.ActiveCfg = Release|Any CPU
		{B512A75D-E41A-4E16-A21F-00F68714D285}.Release|Any CPU.Build.0 = Release|Any CPU
		{B8B0DCDD-D1F4-4649-BC57-C6CBB6BF702D}.Debug|Any CPU.ActiveCfg = Debug|Any CPU
		{B8B0DCDD-D1F4-4649-BC57-C6CBB6BF702D}.Debug|Any CPU.Build.0 = Debug|Any CPU
		{B8B0DCDD-D1F4-4649-BC57-C6CBB6BF702D}.Release|Any CPU.ActiveCfg = Release|Any CPU
		{B8B0DCDD-D1F4-4649-BC57-C6CBB6BF702D}.Release|Any CPU.Build.0 = Release|Any CPU
		{5C15A609-3506-47F7-880E-883D0409F8EB}.Debug|Any CPU.ActiveCfg = Debug|Any CPU
		{5C15A609-3506-47F7-880E-883D0409F8EB}.Debug|Any CPU.Build.0 = Debug|Any CPU
		{5C15A609-3506-47F7-880E-883D0409F8EB}.Release|Any CPU.ActiveCfg = Release|Any CPU
		{5C15A609-3506-47F7-880E-883D0409F8EB}.Release|Any CPU.Build.0 = Release|Any CPU
		{B6C3F1DA-BCD9-4587-BAA4-333281C417FC}.Debug|Any CPU.ActiveCfg = Debug|Any CPU
		{B6C3F1DA-BCD9-4587-BAA4-333281C417FC}.Debug|Any CPU.Build.0 = Debug|Any CPU
		{B6C3F1DA-BCD9-4587-BAA4-333281C417FC}.Release|Any CPU.ActiveCfg = Release|Any CPU
		{B6C3F1DA-BCD9-4587-BAA4-333281C417FC}.Release|Any CPU.Build.0 = Release|Any CPU
		{E336A07F-7632-4588-9835-04B0216344A0}.Debug|Any CPU.ActiveCfg = Debug|Any CPU
		{E336A07F-7632-4588-9835-04B0216344A0}.Debug|Any CPU.Build.0 = Debug|Any CPU
		{E336A07F-7632-4588-9835-04B0216344A0}.Release|Any CPU.ActiveCfg = Release|Any CPU
		{E336A07F-7632-4588-9835-04B0216344A0}.Release|Any CPU.Build.0 = Release|Any CPU
		{644EB573-CA97-4520-A40B-B622E5A7D30A}.Debug|Any CPU.ActiveCfg = Debug|Any CPU
		{644EB573-CA97-4520-A40B-B622E5A7D30A}.Debug|Any CPU.Build.0 = Debug|Any CPU
		{644EB573-CA97-4520-A40B-B622E5A7D30A}.Release|Any CPU.ActiveCfg = Release|Any CPU
		{644EB573-CA97-4520-A40B-B622E5A7D30A}.Release|Any CPU.Build.0 = Release|Any CPU
		{B59E0625-ED0E-42DF-9A1C-8D6CDA4819DB}.Debug|Any CPU.ActiveCfg = Debug|Any CPU
		{B59E0625-ED0E-42DF-9A1C-8D6CDA4819DB}.Debug|Any CPU.Build.0 = Debug|Any CPU
		{B59E0625-ED0E-42DF-9A1C-8D6CDA4819DB}.Release|Any CPU.ActiveCfg = Release|Any CPU
		{B59E0625-ED0E-42DF-9A1C-8D6CDA4819DB}.Release|Any CPU.Build.0 = Release|Any CPU
		{96622A20-154E-4E24-A578-558315C5442C}.Debug|Any CPU.ActiveCfg = Debug|Any CPU
		{96622A20-154E-4E24-A578-558315C5442C}.Debug|Any CPU.Build.0 = Debug|Any CPU
		{96622A20-154E-4E24-A578-558315C5442C}.Release|Any CPU.ActiveCfg = Release|Any CPU
		{96622A20-154E-4E24-A578-558315C5442C}.Release|Any CPU.Build.0 = Release|Any CPU
		{B1AF001E-9D14-448B-9110-99E8A7A8EFA5}.Debug|Any CPU.ActiveCfg = Debug|Any CPU
		{B1AF001E-9D14-448B-9110-99E8A7A8EFA5}.Debug|Any CPU.Build.0 = Debug|Any CPU
		{B1AF001E-9D14-448B-9110-99E8A7A8EFA5}.Release|Any CPU.ActiveCfg = Release|Any CPU
		{B1AF001E-9D14-448B-9110-99E8A7A8EFA5}.Release|Any CPU.Build.0 = Release|Any CPU
		{C1549BA0-9EA1-44CC-B2B8-F93F4A37C459}.Debug|Any CPU.ActiveCfg = Debug|Any CPU
		{C1549BA0-9EA1-44CC-B2B8-F93F4A37C459}.Debug|Any CPU.Build.0 = Debug|Any CPU
		{C1549BA0-9EA1-44CC-B2B8-F93F4A37C459}.Release|Any CPU.ActiveCfg = Release|Any CPU
		{C1549BA0-9EA1-44CC-B2B8-F93F4A37C459}.Release|Any CPU.Build.0 = Release|Any CPU
		{C6485CA0-1F6C-49F0-A536-2F2E5166A19C}.Debug|Any CPU.ActiveCfg = Debug|Any CPU
		{C6485CA0-1F6C-49F0-A536-2F2E5166A19C}.Debug|Any CPU.Build.0 = Debug|Any CPU
		{C6485CA0-1F6C-49F0-A536-2F2E5166A19C}.Release|Any CPU.ActiveCfg = Release|Any CPU
		{C6485CA0-1F6C-49F0-A536-2F2E5166A19C}.Release|Any CPU.Build.0 = Release|Any CPU
		{7FFA1948-7FEE-4103-A30C-90EF1DD34D28}.Debug|Any CPU.ActiveCfg = Debug|Any CPU
		{7FFA1948-7FEE-4103-A30C-90EF1DD34D28}.Debug|Any CPU.Build.0 = Debug|Any CPU
		{7FFA1948-7FEE-4103-A30C-90EF1DD34D28}.Release|Any CPU.ActiveCfg = Release|Any CPU
		{7FFA1948-7FEE-4103-A30C-90EF1DD34D28}.Release|Any CPU.Build.0 = Release|Any CPU
		{190862EB-8956-4BAD-8165-131990950313}.Debug|Any CPU.ActiveCfg = Debug|Any CPU
		{190862EB-8956-4BAD-8165-131990950313}.Debug|Any CPU.Build.0 = Debug|Any CPU
		{190862EB-8956-4BAD-8165-131990950313}.Release|Any CPU.ActiveCfg = Release|Any CPU
		{190862EB-8956-4BAD-8165-131990950313}.Release|Any CPU.Build.0 = Release|Any CPU
		{0E842AAC-D3AB-45D7-953C-5FB1E5E5133C}.Debug|Any CPU.ActiveCfg = Debug|Any CPU
		{0E842AAC-D3AB-45D7-953C-5FB1E5E5133C}.Debug|Any CPU.Build.0 = Debug|Any CPU
		{0E842AAC-D3AB-45D7-953C-5FB1E5E5133C}.Release|Any CPU.ActiveCfg = Release|Any CPU
		{0E842AAC-D3AB-45D7-953C-5FB1E5E5133C}.Release|Any CPU.Build.0 = Release|Any CPU
		{9EE8A7D6-B7D3-4E94-9FA9-30E1FCD536F7}.Debug|Any CPU.ActiveCfg = Debug|Any CPU
		{9EE8A7D6-B7D3-4E94-9FA9-30E1FCD536F7}.Debug|Any CPU.Build.0 = Debug|Any CPU
		{9EE8A7D6-B7D3-4E94-9FA9-30E1FCD536F7}.Release|Any CPU.ActiveCfg = Release|Any CPU
		{9EE8A7D6-B7D3-4E94-9FA9-30E1FCD536F7}.Release|Any CPU.Build.0 = Release|Any CPU
		{1CFAC017-21AA-4214-839D-F813D82241F5}.Debug|Any CPU.ActiveCfg = Debug|Any CPU
		{1CFAC017-21AA-4214-839D-F813D82241F5}.Debug|Any CPU.Build.0 = Debug|Any CPU
		{1CFAC017-21AA-4214-839D-F813D82241F5}.Release|Any CPU.ActiveCfg = Release|Any CPU
		{1CFAC017-21AA-4214-839D-F813D82241F5}.Release|Any CPU.Build.0 = Release|Any CPU
		{C71EC624-6FFF-49BA-AAE9-EA5C28C53095}.Debug|Any CPU.ActiveCfg = Debug|Any CPU
		{C71EC624-6FFF-49BA-AAE9-EA5C28C53095}.Debug|Any CPU.Build.0 = Debug|Any CPU
		{C71EC624-6FFF-49BA-AAE9-EA5C28C53095}.Release|Any CPU.ActiveCfg = Release|Any CPU
		{C71EC624-6FFF-49BA-AAE9-EA5C28C53095}.Release|Any CPU.Build.0 = Release|Any CPU
		{0EE364D2-8C02-44AD-9FBB-9E812A2A8B2B}.Debug|Any CPU.ActiveCfg = Debug|Any CPU
		{0EE364D2-8C02-44AD-9FBB-9E812A2A8B2B}.Debug|Any CPU.Build.0 = Debug|Any CPU
		{0EE364D2-8C02-44AD-9FBB-9E812A2A8B2B}.Release|Any CPU.ActiveCfg = Release|Any CPU
		{0EE364D2-8C02-44AD-9FBB-9E812A2A8B2B}.Release|Any CPU.Build.0 = Release|Any CPU
		{FF719353-1E80-4DD7-ACDD-A199E7C4DD44}.Debug|Any CPU.ActiveCfg = Debug|Any CPU
		{FF719353-1E80-4DD7-ACDD-A199E7C4DD44}.Debug|Any CPU.Build.0 = Debug|Any CPU
		{FF719353-1E80-4DD7-ACDD-A199E7C4DD44}.Release|Any CPU.ActiveCfg = Release|Any CPU
		{FF719353-1E80-4DD7-ACDD-A199E7C4DD44}.Release|Any CPU.Build.0 = Release|Any CPU
		{56DCFD2F-C99E-44A9-9030-3370B621EA40}.Debug|Any CPU.ActiveCfg = Debug|Any CPU
		{56DCFD2F-C99E-44A9-9030-3370B621EA40}.Debug|Any CPU.Build.0 = Debug|Any CPU
		{56DCFD2F-C99E-44A9-9030-3370B621EA40}.Release|Any CPU.ActiveCfg = Release|Any CPU
		{56DCFD2F-C99E-44A9-9030-3370B621EA40}.Release|Any CPU.Build.0 = Release|Any CPU
		{285B403F-991D-40E3-B72D-660C99EB3CF3}.Debug|Any CPU.ActiveCfg = Debug|Any CPU
		{285B403F-991D-40E3-B72D-660C99EB3CF3}.Debug|Any CPU.Build.0 = Debug|Any CPU
		{285B403F-991D-40E3-B72D-660C99EB3CF3}.Release|Any CPU.ActiveCfg = Release|Any CPU
		{285B403F-991D-40E3-B72D-660C99EB3CF3}.Release|Any CPU.Build.0 = Release|Any CPU
		{5FF02CD2-0A44-476B-ACBB-6AD5A60803FB}.Debug|Any CPU.ActiveCfg = Debug|Any CPU
		{5FF02CD2-0A44-476B-ACBB-6AD5A60803FB}.Debug|Any CPU.Build.0 = Debug|Any CPU
		{5FF02CD2-0A44-476B-ACBB-6AD5A60803FB}.Release|Any CPU.ActiveCfg = Release|Any CPU
		{5FF02CD2-0A44-476B-ACBB-6AD5A60803FB}.Release|Any CPU.Build.0 = Release|Any CPU
		{402B3E7F-3B40-4BC0-808F-8355820C2BB5}.Debug|Any CPU.ActiveCfg = Debug|Any CPU
		{402B3E7F-3B40-4BC0-808F-8355820C2BB5}.Debug|Any CPU.Build.0 = Debug|Any CPU
		{402B3E7F-3B40-4BC0-808F-8355820C2BB5}.Release|Any CPU.ActiveCfg = Release|Any CPU
		{402B3E7F-3B40-4BC0-808F-8355820C2BB5}.Release|Any CPU.Build.0 = Release|Any CPU
		{645FFC65-1561-4451-B918-C48182456121}.Debug|Any CPU.ActiveCfg = Debug|Any CPU
		{645FFC65-1561-4451-B918-C48182456121}.Debug|Any CPU.Build.0 = Debug|Any CPU
		{645FFC65-1561-4451-B918-C48182456121}.Release|Any CPU.ActiveCfg = Release|Any CPU
		{645FFC65-1561-4451-B918-C48182456121}.Release|Any CPU.Build.0 = Release|Any CPU
		{D8D9F4E9-1BE5-40C0-99E0-9F975484B738}.Debug|Any CPU.ActiveCfg = Debug|Any CPU
		{D8D9F4E9-1BE5-40C0-99E0-9F975484B738}.Debug|Any CPU.Build.0 = Debug|Any CPU
		{D8D9F4E9-1BE5-40C0-99E0-9F975484B738}.Release|Any CPU.ActiveCfg = Release|Any CPU
		{D8D9F4E9-1BE5-40C0-99E0-9F975484B738}.Release|Any CPU.Build.0 = Release|Any CPU
		{6A4C0222-33CD-4F57-89F9-F62B1C6837DF}.Debug|Any CPU.ActiveCfg = Debug|Any CPU
		{6A4C0222-33CD-4F57-89F9-F62B1C6837DF}.Debug|Any CPU.Build.0 = Debug|Any CPU
		{6A4C0222-33CD-4F57-89F9-F62B1C6837DF}.Release|Any CPU.ActiveCfg = Release|Any CPU
		{6A4C0222-33CD-4F57-89F9-F62B1C6837DF}.Release|Any CPU.Build.0 = Release|Any CPU
		{54A5E2E2-2028-42D7-AB60-54F8BCCF331F}.Debug|Any CPU.ActiveCfg = Debug|Any CPU
		{54A5E2E2-2028-42D7-AB60-54F8BCCF331F}.Debug|Any CPU.Build.0 = Debug|Any CPU
		{54A5E2E2-2028-42D7-AB60-54F8BCCF331F}.Release|Any CPU.ActiveCfg = Release|Any CPU
		{54A5E2E2-2028-42D7-AB60-54F8BCCF331F}.Release|Any CPU.Build.0 = Release|Any CPU
		{93532E6F-3032-4FFA-9702-E15C2ADF9819}.Debug|Any CPU.ActiveCfg = Debug|Any CPU
		{93532E6F-3032-4FFA-9702-E15C2ADF9819}.Debug|Any CPU.Build.0 = Debug|Any CPU
		{93532E6F-3032-4FFA-9702-E15C2ADF9819}.Release|Any CPU.ActiveCfg = Release|Any CPU
		{93532E6F-3032-4FFA-9702-E15C2ADF9819}.Release|Any CPU.Build.0 = Release|Any CPU
		{3C12BA56-44A0-4936-B3C5-E3D946C248BB}.Debug|Any CPU.ActiveCfg = Debug|Any CPU
		{3C12BA56-44A0-4936-B3C5-E3D946C248BB}.Debug|Any CPU.Build.0 = Debug|Any CPU
		{3C12BA56-44A0-4936-B3C5-E3D946C248BB}.Release|Any CPU.ActiveCfg = Release|Any CPU
		{3C12BA56-44A0-4936-B3C5-E3D946C248BB}.Release|Any CPU.Build.0 = Release|Any CPU
		{F574A56F-AA95-4099-8C76-6E8CC8F77672}.Debug|Any CPU.ActiveCfg = Debug|Any CPU
		{F574A56F-AA95-4099-8C76-6E8CC8F77672}.Debug|Any CPU.Build.0 = Debug|Any CPU
		{F574A56F-AA95-4099-8C76-6E8CC8F77672}.Release|Any CPU.ActiveCfg = Release|Any CPU
		{F574A56F-AA95-4099-8C76-6E8CC8F77672}.Release|Any CPU.Build.0 = Release|Any CPU
		{4E06CE60-9829-42FF-9A84-6D8BB8F505F8}.Debug|Any CPU.ActiveCfg = Debug|Any CPU
		{4E06CE60-9829-42FF-9A84-6D8BB8F505F8}.Debug|Any CPU.Build.0 = Debug|Any CPU
		{4E06CE60-9829-42FF-9A84-6D8BB8F505F8}.Release|Any CPU.ActiveCfg = Release|Any CPU
		{4E06CE60-9829-42FF-9A84-6D8BB8F505F8}.Release|Any CPU.Build.0 = Release|Any CPU
		{84CA374E-DCC0-451E-9A49-3A26E0785138}.Debug|Any CPU.ActiveCfg = Debug|Any CPU
		{84CA374E-DCC0-451E-9A49-3A26E0785138}.Debug|Any CPU.Build.0 = Debug|Any CPU
		{84CA374E-DCC0-451E-9A49-3A26E0785138}.Release|Any CPU.ActiveCfg = Release|Any CPU
		{84CA374E-DCC0-451E-9A49-3A26E0785138}.Release|Any CPU.Build.0 = Release|Any CPU
		{39839D86-2656-4077-81D2-E6A8477BB898}.Debug|Any CPU.ActiveCfg = Debug|Any CPU
		{39839D86-2656-4077-81D2-E6A8477BB898}.Debug|Any CPU.Build.0 = Debug|Any CPU
		{39839D86-2656-4077-81D2-E6A8477BB898}.Release|Any CPU.ActiveCfg = Release|Any CPU
		{39839D86-2656-4077-81D2-E6A8477BB898}.Release|Any CPU.Build.0 = Release|Any CPU
		{895F6F2D-F9B0-4206-9A90-25D548A11153}.Debug|Any CPU.ActiveCfg = Debug|Any CPU
		{895F6F2D-F9B0-4206-9A90-25D548A11153}.Debug|Any CPU.Build.0 = Debug|Any CPU
		{895F6F2D-F9B0-4206-9A90-25D548A11153}.Release|Any CPU.ActiveCfg = Release|Any CPU
		{895F6F2D-F9B0-4206-9A90-25D548A11153}.Release|Any CPU.Build.0 = Release|Any CPU
		{BEE533AE-EF2F-4C7F-902B-CDBDDB584749}.Debug|Any CPU.ActiveCfg = Debug|Any CPU
		{BEE533AE-EF2F-4C7F-902B-CDBDDB584749}.Debug|Any CPU.Build.0 = Debug|Any CPU
		{BEE533AE-EF2F-4C7F-902B-CDBDDB584749}.Release|Any CPU.ActiveCfg = Release|Any CPU
		{BEE533AE-EF2F-4C7F-902B-CDBDDB584749}.Release|Any CPU.Build.0 = Release|Any CPU
		{6B86DED9-E62B-4A50-A932-8B5781C6D961}.Debug|Any CPU.ActiveCfg = Debug|Any CPU
		{6B86DED9-E62B-4A50-A932-8B5781C6D961}.Debug|Any CPU.Build.0 = Debug|Any CPU
		{6B86DED9-E62B-4A50-A932-8B5781C6D961}.Release|Any CPU.ActiveCfg = Release|Any CPU
		{6B86DED9-E62B-4A50-A932-8B5781C6D961}.Release|Any CPU.Build.0 = Release|Any CPU
	EndGlobalSection
	GlobalSection(SolutionProperties) = preSolution
		HideSolutionNode = FALSE
	EndGlobalSection
	GlobalSection(ExtensibilityGlobals) = postSolution
		SolutionGuid = {1ECDE473-3716-4F6F-B066-786A0C5CED51}
	EndGlobalSection
EndGlobal
