
Microsoft Visual Studio Solution File, Format Version 12.00
# Visual Studio Version 17
VisualStudioVersion = 17.7.34031.279
MinimumVisualStudioVersion = 10.0.40219.1
Project("{FAE04EC0-301F-11D3-BF4B-00C04F79EFBC}") = "CheckPoint01", "CheckPoint01\CheckPoint01.csproj", "{F5A0B0B4-7450-4E9B-A932-98FC126F3BC4}"
EndProject
Project("{FAE04EC0-301F-11D3-BF4B-00C04F79EFBC}") = "CheckPoint02", "CheckPoint02\CheckPoint02.csproj", "{01D60E73-7220-4AF9-9DCA-7442A3FF303E}"
EndProject
Project("{FAE04EC0-301F-11D3-BF4B-00C04F79EFBC}") = "CheckPoint03", "CheckPoint03\CheckPoint03.csproj", "{FADD7BBC-0960-47D5-9D22-0EED05D79501}"
EndProject
Project("{FAE04EC0-301F-11D3-BF4B-00C04F79EFBC}") = "CheckPoint04", "CheckPoint04\CheckPoint04.csproj", "{08D26915-7D4E-43FF-872D-CA4349F87182}"
EndProject
Project("{FAE04EC0-301F-11D3-BF4B-00C04F79EFBC}") = "CheckPoint05", "CheckPoint05\CheckPoint05.csproj", "{EE52A8D4-B996-412C-B537-DB9674AF131E}"
EndProject
Project("{FAE04EC0-301F-11D3-BF4B-00C04F79EFBC}") = "058_Func1", "058_Func1\058_Func1.csproj", "{CFDBD0DB-A478-4026-BF2E-CF2BFC5D2C2A}"
EndProject
Project("{FAE04EC0-301F-11D3-BF4B-00C04F79EFBC}") = "059_Func2", "059_Func2\059_Func2.csproj", "{DB34B7B3-AE97-48DD-B0EC-BCA3B66FA4C4}"
EndProject
Project("{FAE04EC0-301F-11D3-BF4B-00C04F79EFBC}") = "060_Func3", "060_Func3\060_Func3.csproj", "{2B02544D-B589-402B-8A52-E2759637E1E8}"
EndProject
Project("{FAE04EC0-301F-11D3-BF4B-00C04F79EFBC}") = "061_Func4", "061_Func4\061_Func4.csproj", "{67603134-00F8-4E13-91BB-AEA44F02B333}"
EndProject
Project("{FAE04EC0-301F-11D3-BF4B-00C04F79EFBC}") = "062_FuncSwap", "062_FuncSwap\062_FuncSwap.csproj", "{EBCE480F-184B-4E11-8F13-5598A13A4991}"
EndProject
Project("{FAE04EC0-301F-11D3-BF4B-00C04F79EFBC}") = "063_Func_out", "063_Func_out\063_Func_out.csproj", "{9ACCC806-5080-4695-A683-4198DEAA47AC}"
EndProject
Project("{FAE04EC0-301F-11D3-BF4B-00C04F79EFBC}") = "Homework", "Homework\Homework.csproj", "{C4D76A2D-849C-4C1D-8AA6-7082F8251727}"
EndProject
Project("{FAE04EC0-301F-11D3-BF4B-00C04F79EFBC}") = "064_Func_default", "064_Func_default\064_Func_default.csproj", "{13ED9CD9-6A89-45B9-828E-47263DE959FE}"
EndProject
Project("{FAE04EC0-301F-11D3-BF4B-00C04F79EFBC}") = "065_Func_Overloading", "065_Func_Overloading\065_Func_Overloading.csproj", "{6CF28F52-1E72-47B2-8BE6-C9525A6D6B1B}"
EndProject
Project("{FAE04EC0-301F-11D3-BF4B-00C04F79EFBC}") = "066_Func_params", "066_Func_params\066_Func_params.csproj", "{87D03983-872C-4DB9-952B-DC6DB93A4740}"
EndProject
Project("{FAE04EC0-301F-11D3-BF4B-00C04F79EFBC}") = "067_Check", "067_Check\067_Check.csproj", "{B4505EBC-ED1B-4B9F-B5D7-959528C22F80}"
EndProject
Project("{FAE04EC0-301F-11D3-BF4B-00C04F79EFBC}") = "068_Array_Int", "068_Array_Int\068_Array_Int.csproj", "{0D1D8521-50E4-4E47-8FDD-62E8FBC26F09}"
EndProject
Project("{FAE04EC0-301F-11D3-BF4B-00C04F79EFBC}") = "068_1_Array_Int2", "068_1_Array_Int2\068_1_Array_Int2.csproj", "{6CBEF29A-57D3-4F6A-BB1E-360936058899}"
EndProject
Project("{FAE04EC0-301F-11D3-BF4B-00C04F79EFBC}") = "069_Array_Multi", "069_Array_Multi\069_Array_Multi.csproj", "{5A04697C-2D9A-449B-8211-1CB6FD246C09}"
EndProject
Project("{FAE04EC0-301F-11D3-BF4B-00C04F79EFBC}") = "070_Array_Multi2", "070_Array_Multi2\070_Array_Multi2.csproj", "{00765381-5526-4CC7-B2F9-A498AD5A7903}"
EndProject
Project("{FAE04EC0-301F-11D3-BF4B-00C04F79EFBC}") = "071_Array_Flex", "071_Array_Flex\071_Array_Flex.csproj", "{C6FA2F7B-8409-4053-BDC0-EEEC6C105132}"
EndProject
Project("{FAE04EC0-301F-11D3-BF4B-00C04F79EFBC}") = "072_Array_Func1", "072_Array_Func1\072_Array_Func1.csproj", "{08F15B16-6E14-4DB9-B710-859828612CBE}"
EndProject
Project("{9A19103F-16F7-4668-BE54-9A1E7A4F7556}") = "073_Array_Func2", "073_Array_Func2\073_Array_Func2.csproj", "{464DB320-E835-440B-9A7F-D6BBAEC530F2}"
EndProject
Project("{9A19103F-16F7-4668-BE54-9A1E7A4F7556}") = "074_Array_Clear", "074_Array_Clear\074_Array_Clear.csproj", "{7886D335-2A1C-496F-9C55-E2533227C498}"
EndProject
Project("{9A19103F-16F7-4668-BE54-9A1E7A4F7556}") = "075_Check", "075_Check\075_Check.csproj", "{303793A5-C391-4B0A-9BAB-F316A03ED959}"
EndProject
Project("{9A19103F-16F7-4668-BE54-9A1E7A4F7556}") = "076_Check", "076_Check\076_Check.csproj", "{BA91111F-7035-4AE7-B82B-07EF303EA947}"
EndProject
Project("{FAE04EC0-301F-11D3-BF4B-00C04F79EFBC}") = "_077_class", "_077_class\_077_class.csproj", "{B447E8ED-6EAB-4CA0-B0FD-712D356DAFCA}"
EndProject
Project("{9A19103F-16F7-4668-BE54-9A1E7A4F7556}") = "078_Constructor", "078_Constructor\078_Constructor.csproj", "{B35133E0-21DD-4559-A651-B0A68EC61A95}"
EndProject
Project("{9A19103F-16F7-4668-BE54-9A1E7A4F7556}") = "079_this", "079_this\079_this.csproj", "{99758986-0B47-499D-AC40-8016B747F1FF}"
EndProject
Project("{9A19103F-16F7-4668-BE54-9A1E7A4F7556}") = "080_static", "080_static\080_static.csproj", "{1BEDDD6C-7DA7-41CB-AF34-E4E16F720C87}"
EndProject
Project("{FAE04EC0-301F-11D3-BF4B-00C04F79EFBC}") = "081_class_parameter", "081_class_parameter\081_class_parameter.csproj", "{B598691B-938C-4DDA-BA0D-EDF007C0B82B}"
EndProject
Project("{9A19103F-16F7-4668-BE54-9A1E7A4F7556}") = "081_01_classInheritance", "081_01_classInheritance\081_01_classInheritance.csproj", "{467369E4-33A3-4E14-A95C-7A7AF45A892B}"
EndProject
Project("{FAE04EC0-301F-11D3-BF4B-00C04F79EFBC}") = "081_02_classInheritance", "081_02_classInheritance\081_02_classInheritance.csproj", "{1378B332-89A8-41D1-8176-572E90F30D99}"
EndProject
Project("{FAE04EC0-301F-11D3-BF4B-00C04F79EFBC}") = "081_03_class_base", "081_03_class_base\081_03_class_base.csproj", "{B6C96CFD-90FE-4B5A-B611-876834EE107E}"
EndProject
Global
	GlobalSection(SolutionConfigurationPlatforms) = preSolution
		Debug|Any CPU = Debug|Any CPU
		Debug|x64 = Debug|x64
		Debug|x86 = Debug|x86
		Release|Any CPU = Release|Any CPU
		Release|x64 = Release|x64
		Release|x86 = Release|x86
	EndGlobalSection
	GlobalSection(ProjectConfigurationPlatforms) = postSolution
		{F5A0B0B4-7450-4E9B-A932-98FC126F3BC4}.Debug|Any CPU.ActiveCfg = Debug|Any CPU
		{F5A0B0B4-7450-4E9B-A932-98FC126F3BC4}.Debug|Any CPU.Build.0 = Debug|Any CPU
		{F5A0B0B4-7450-4E9B-A932-98FC126F3BC4}.Debug|x64.ActiveCfg = Debug|Any CPU
		{F5A0B0B4-7450-4E9B-A932-98FC126F3BC4}.Debug|x64.Build.0 = Debug|Any CPU
		{F5A0B0B4-7450-4E9B-A932-98FC126F3BC4}.Debug|x86.ActiveCfg = Debug|Any CPU
		{F5A0B0B4-7450-4E9B-A932-98FC126F3BC4}.Debug|x86.Build.0 = Debug|Any CPU
		{F5A0B0B4-7450-4E9B-A932-98FC126F3BC4}.Release|Any CPU.ActiveCfg = Release|Any CPU
		{F5A0B0B4-7450-4E9B-A932-98FC126F3BC4}.Release|Any CPU.Build.0 = Release|Any CPU
		{F5A0B0B4-7450-4E9B-A932-98FC126F3BC4}.Release|x64.ActiveCfg = Release|Any CPU
		{F5A0B0B4-7450-4E9B-A932-98FC126F3BC4}.Release|x64.Build.0 = Release|Any CPU
		{F5A0B0B4-7450-4E9B-A932-98FC126F3BC4}.Release|x86.ActiveCfg = Release|Any CPU
		{F5A0B0B4-7450-4E9B-A932-98FC126F3BC4}.Release|x86.Build.0 = Release|Any CPU
		{01D60E73-7220-4AF9-9DCA-7442A3FF303E}.Debug|Any CPU.ActiveCfg = Debug|Any CPU
		{01D60E73-7220-4AF9-9DCA-7442A3FF303E}.Debug|Any CPU.Build.0 = Debug|Any CPU
		{01D60E73-7220-4AF9-9DCA-7442A3FF303E}.Debug|x64.ActiveCfg = Debug|Any CPU
		{01D60E73-7220-4AF9-9DCA-7442A3FF303E}.Debug|x64.Build.0 = Debug|Any CPU
		{01D60E73-7220-4AF9-9DCA-7442A3FF303E}.Debug|x86.ActiveCfg = Debug|Any CPU
		{01D60E73-7220-4AF9-9DCA-7442A3FF303E}.Debug|x86.Build.0 = Debug|Any CPU
		{01D60E73-7220-4AF9-9DCA-7442A3FF303E}.Release|Any CPU.ActiveCfg = Release|Any CPU
		{01D60E73-7220-4AF9-9DCA-7442A3FF303E}.Release|Any CPU.Build.0 = Release|Any CPU
		{01D60E73-7220-4AF9-9DCA-7442A3FF303E}.Release|x64.ActiveCfg = Release|Any CPU
		{01D60E73-7220-4AF9-9DCA-7442A3FF303E}.Release|x64.Build.0 = Release|Any CPU
		{01D60E73-7220-4AF9-9DCA-7442A3FF303E}.Release|x86.ActiveCfg = Release|Any CPU
		{01D60E73-7220-4AF9-9DCA-7442A3FF303E}.Release|x86.Build.0 = Release|Any CPU
		{FADD7BBC-0960-47D5-9D22-0EED05D79501}.Debug|Any CPU.ActiveCfg = Debug|Any CPU
		{FADD7BBC-0960-47D5-9D22-0EED05D79501}.Debug|Any CPU.Build.0 = Debug|Any CPU
		{FADD7BBC-0960-47D5-9D22-0EED05D79501}.Debug|x64.ActiveCfg = Debug|Any CPU
		{FADD7BBC-0960-47D5-9D22-0EED05D79501}.Debug|x64.Build.0 = Debug|Any CPU
		{FADD7BBC-0960-47D5-9D22-0EED05D79501}.Debug|x86.ActiveCfg = Debug|Any CPU
		{FADD7BBC-0960-47D5-9D22-0EED05D79501}.Debug|x86.Build.0 = Debug|Any CPU
		{FADD7BBC-0960-47D5-9D22-0EED05D79501}.Release|Any CPU.ActiveCfg = Release|Any CPU
		{FADD7BBC-0960-47D5-9D22-0EED05D79501}.Release|Any CPU.Build.0 = Release|Any CPU
		{FADD7BBC-0960-47D5-9D22-0EED05D79501}.Release|x64.ActiveCfg = Release|Any CPU
		{FADD7BBC-0960-47D5-9D22-0EED05D79501}.Release|x64.Build.0 = Release|Any CPU
		{FADD7BBC-0960-47D5-9D22-0EED05D79501}.Release|x86.ActiveCfg = Release|Any CPU
		{FADD7BBC-0960-47D5-9D22-0EED05D79501}.Release|x86.Build.0 = Release|Any CPU
		{08D26915-7D4E-43FF-872D-CA4349F87182}.Debug|Any CPU.ActiveCfg = Debug|Any CPU
		{08D26915-7D4E-43FF-872D-CA4349F87182}.Debug|Any CPU.Build.0 = Debug|Any CPU
		{08D26915-7D4E-43FF-872D-CA4349F87182}.Debug|x64.ActiveCfg = Debug|Any CPU
		{08D26915-7D4E-43FF-872D-CA4349F87182}.Debug|x64.Build.0 = Debug|Any CPU
		{08D26915-7D4E-43FF-872D-CA4349F87182}.Debug|x86.ActiveCfg = Debug|Any CPU
		{08D26915-7D4E-43FF-872D-CA4349F87182}.Debug|x86.Build.0 = Debug|Any CPU
		{08D26915-7D4E-43FF-872D-CA4349F87182}.Release|Any CPU.ActiveCfg = Release|Any CPU
		{08D26915-7D4E-43FF-872D-CA4349F87182}.Release|Any CPU.Build.0 = Release|Any CPU
		{08D26915-7D4E-43FF-872D-CA4349F87182}.Release|x64.ActiveCfg = Release|Any CPU
		{08D26915-7D4E-43FF-872D-CA4349F87182}.Release|x64.Build.0 = Release|Any CPU
		{08D26915-7D4E-43FF-872D-CA4349F87182}.Release|x86.ActiveCfg = Release|Any CPU
		{08D26915-7D4E-43FF-872D-CA4349F87182}.Release|x86.Build.0 = Release|Any CPU
		{EE52A8D4-B996-412C-B537-DB9674AF131E}.Debug|Any CPU.ActiveCfg = Debug|Any CPU
		{EE52A8D4-B996-412C-B537-DB9674AF131E}.Debug|Any CPU.Build.0 = Debug|Any CPU
		{EE52A8D4-B996-412C-B537-DB9674AF131E}.Debug|x64.ActiveCfg = Debug|Any CPU
		{EE52A8D4-B996-412C-B537-DB9674AF131E}.Debug|x64.Build.0 = Debug|Any CPU
		{EE52A8D4-B996-412C-B537-DB9674AF131E}.Debug|x86.ActiveCfg = Debug|Any CPU
		{EE52A8D4-B996-412C-B537-DB9674AF131E}.Debug|x86.Build.0 = Debug|Any CPU
		{EE52A8D4-B996-412C-B537-DB9674AF131E}.Release|Any CPU.ActiveCfg = Release|Any CPU
		{EE52A8D4-B996-412C-B537-DB9674AF131E}.Release|Any CPU.Build.0 = Release|Any CPU
		{EE52A8D4-B996-412C-B537-DB9674AF131E}.Release|x64.ActiveCfg = Release|Any CPU
		{EE52A8D4-B996-412C-B537-DB9674AF131E}.Release|x64.Build.0 = Release|Any CPU
		{EE52A8D4-B996-412C-B537-DB9674AF131E}.Release|x86.ActiveCfg = Release|Any CPU
		{EE52A8D4-B996-412C-B537-DB9674AF131E}.Release|x86.Build.0 = Release|Any CPU
		{CFDBD0DB-A478-4026-BF2E-CF2BFC5D2C2A}.Debug|Any CPU.ActiveCfg = Debug|Any CPU
		{CFDBD0DB-A478-4026-BF2E-CF2BFC5D2C2A}.Debug|Any CPU.Build.0 = Debug|Any CPU
		{CFDBD0DB-A478-4026-BF2E-CF2BFC5D2C2A}.Debug|x64.ActiveCfg = Debug|Any CPU
		{CFDBD0DB-A478-4026-BF2E-CF2BFC5D2C2A}.Debug|x64.Build.0 = Debug|Any CPU
		{CFDBD0DB-A478-4026-BF2E-CF2BFC5D2C2A}.Debug|x86.ActiveCfg = Debug|Any CPU
		{CFDBD0DB-A478-4026-BF2E-CF2BFC5D2C2A}.Debug|x86.Build.0 = Debug|Any CPU
		{CFDBD0DB-A478-4026-BF2E-CF2BFC5D2C2A}.Release|Any CPU.ActiveCfg = Release|Any CPU
		{CFDBD0DB-A478-4026-BF2E-CF2BFC5D2C2A}.Release|Any CPU.Build.0 = Release|Any CPU
		{CFDBD0DB-A478-4026-BF2E-CF2BFC5D2C2A}.Release|x64.ActiveCfg = Release|Any CPU
		{CFDBD0DB-A478-4026-BF2E-CF2BFC5D2C2A}.Release|x64.Build.0 = Release|Any CPU
		{CFDBD0DB-A478-4026-BF2E-CF2BFC5D2C2A}.Release|x86.ActiveCfg = Release|Any CPU
		{CFDBD0DB-A478-4026-BF2E-CF2BFC5D2C2A}.Release|x86.Build.0 = Release|Any CPU
		{DB34B7B3-AE97-48DD-B0EC-BCA3B66FA4C4}.Debug|Any CPU.ActiveCfg = Debug|Any CPU
		{DB34B7B3-AE97-48DD-B0EC-BCA3B66FA4C4}.Debug|Any CPU.Build.0 = Debug|Any CPU
		{DB34B7B3-AE97-48DD-B0EC-BCA3B66FA4C4}.Debug|x64.ActiveCfg = Debug|Any CPU
		{DB34B7B3-AE97-48DD-B0EC-BCA3B66FA4C4}.Debug|x64.Build.0 = Debug|Any CPU
		{DB34B7B3-AE97-48DD-B0EC-BCA3B66FA4C4}.Debug|x86.ActiveCfg = Debug|Any CPU
		{DB34B7B3-AE97-48DD-B0EC-BCA3B66FA4C4}.Debug|x86.Build.0 = Debug|Any CPU
		{DB34B7B3-AE97-48DD-B0EC-BCA3B66FA4C4}.Release|Any CPU.ActiveCfg = Release|Any CPU
		{DB34B7B3-AE97-48DD-B0EC-BCA3B66FA4C4}.Release|Any CPU.Build.0 = Release|Any CPU
		{DB34B7B3-AE97-48DD-B0EC-BCA3B66FA4C4}.Release|x64.ActiveCfg = Release|Any CPU
		{DB34B7B3-AE97-48DD-B0EC-BCA3B66FA4C4}.Release|x64.Build.0 = Release|Any CPU
		{DB34B7B3-AE97-48DD-B0EC-BCA3B66FA4C4}.Release|x86.ActiveCfg = Release|Any CPU
		{DB34B7B3-AE97-48DD-B0EC-BCA3B66FA4C4}.Release|x86.Build.0 = Release|Any CPU
		{2B02544D-B589-402B-8A52-E2759637E1E8}.Debug|Any CPU.ActiveCfg = Debug|Any CPU
		{2B02544D-B589-402B-8A52-E2759637E1E8}.Debug|Any CPU.Build.0 = Debug|Any CPU
		{2B02544D-B589-402B-8A52-E2759637E1E8}.Debug|x64.ActiveCfg = Debug|Any CPU
		{2B02544D-B589-402B-8A52-E2759637E1E8}.Debug|x64.Build.0 = Debug|Any CPU
		{2B02544D-B589-402B-8A52-E2759637E1E8}.Debug|x86.ActiveCfg = Debug|Any CPU
		{2B02544D-B589-402B-8A52-E2759637E1E8}.Debug|x86.Build.0 = Debug|Any CPU
		{2B02544D-B589-402B-8A52-E2759637E1E8}.Release|Any CPU.ActiveCfg = Release|Any CPU
		{2B02544D-B589-402B-8A52-E2759637E1E8}.Release|Any CPU.Build.0 = Release|Any CPU
		{2B02544D-B589-402B-8A52-E2759637E1E8}.Release|x64.ActiveCfg = Release|Any CPU
		{2B02544D-B589-402B-8A52-E2759637E1E8}.Release|x64.Build.0 = Release|Any CPU
		{2B02544D-B589-402B-8A52-E2759637E1E8}.Release|x86.ActiveCfg = Release|Any CPU
		{2B02544D-B589-402B-8A52-E2759637E1E8}.Release|x86.Build.0 = Release|Any CPU
		{67603134-00F8-4E13-91BB-AEA44F02B333}.Debug|Any CPU.ActiveCfg = Debug|Any CPU
		{67603134-00F8-4E13-91BB-AEA44F02B333}.Debug|Any CPU.Build.0 = Debug|Any CPU
		{67603134-00F8-4E13-91BB-AEA44F02B333}.Debug|x64.ActiveCfg = Debug|Any CPU
		{67603134-00F8-4E13-91BB-AEA44F02B333}.Debug|x64.Build.0 = Debug|Any CPU
		{67603134-00F8-4E13-91BB-AEA44F02B333}.Debug|x86.ActiveCfg = Debug|Any CPU
		{67603134-00F8-4E13-91BB-AEA44F02B333}.Debug|x86.Build.0 = Debug|Any CPU
		{67603134-00F8-4E13-91BB-AEA44F02B333}.Release|Any CPU.ActiveCfg = Release|Any CPU
		{67603134-00F8-4E13-91BB-AEA44F02B333}.Release|Any CPU.Build.0 = Release|Any CPU
		{67603134-00F8-4E13-91BB-AEA44F02B333}.Release|x64.ActiveCfg = Release|Any CPU
		{67603134-00F8-4E13-91BB-AEA44F02B333}.Release|x64.Build.0 = Release|Any CPU
		{67603134-00F8-4E13-91BB-AEA44F02B333}.Release|x86.ActiveCfg = Release|Any CPU
		{67603134-00F8-4E13-91BB-AEA44F02B333}.Release|x86.Build.0 = Release|Any CPU
		{EBCE480F-184B-4E11-8F13-5598A13A4991}.Debug|Any CPU.ActiveCfg = Debug|Any CPU
		{EBCE480F-184B-4E11-8F13-5598A13A4991}.Debug|Any CPU.Build.0 = Debug|Any CPU
		{EBCE480F-184B-4E11-8F13-5598A13A4991}.Debug|x64.ActiveCfg = Debug|Any CPU
		{EBCE480F-184B-4E11-8F13-5598A13A4991}.Debug|x64.Build.0 = Debug|Any CPU
		{EBCE480F-184B-4E11-8F13-5598A13A4991}.Debug|x86.ActiveCfg = Debug|Any CPU
		{EBCE480F-184B-4E11-8F13-5598A13A4991}.Debug|x86.Build.0 = Debug|Any CPU
		{EBCE480F-184B-4E11-8F13-5598A13A4991}.Release|Any CPU.ActiveCfg = Release|Any CPU
		{EBCE480F-184B-4E11-8F13-5598A13A4991}.Release|Any CPU.Build.0 = Release|Any CPU
		{EBCE480F-184B-4E11-8F13-5598A13A4991}.Release|x64.ActiveCfg = Release|Any CPU
		{EBCE480F-184B-4E11-8F13-5598A13A4991}.Release|x64.Build.0 = Release|Any CPU
		{EBCE480F-184B-4E11-8F13-5598A13A4991}.Release|x86.ActiveCfg = Release|Any CPU
		{EBCE480F-184B-4E11-8F13-5598A13A4991}.Release|x86.Build.0 = Release|Any CPU
		{9ACCC806-5080-4695-A683-4198DEAA47AC}.Debug|Any CPU.ActiveCfg = Debug|Any CPU
		{9ACCC806-5080-4695-A683-4198DEAA47AC}.Debug|Any CPU.Build.0 = Debug|Any CPU
		{9ACCC806-5080-4695-A683-4198DEAA47AC}.Debug|x64.ActiveCfg = Debug|Any CPU
		{9ACCC806-5080-4695-A683-4198DEAA47AC}.Debug|x64.Build.0 = Debug|Any CPU
		{9ACCC806-5080-4695-A683-4198DEAA47AC}.Debug|x86.ActiveCfg = Debug|Any CPU
		{9ACCC806-5080-4695-A683-4198DEAA47AC}.Debug|x86.Build.0 = Debug|Any CPU
		{9ACCC806-5080-4695-A683-4198DEAA47AC}.Release|Any CPU.ActiveCfg = Release|Any CPU
		{9ACCC806-5080-4695-A683-4198DEAA47AC}.Release|Any CPU.Build.0 = Release|Any CPU
		{9ACCC806-5080-4695-A683-4198DEAA47AC}.Release|x64.ActiveCfg = Release|Any CPU
		{9ACCC806-5080-4695-A683-4198DEAA47AC}.Release|x64.Build.0 = Release|Any CPU
		{9ACCC806-5080-4695-A683-4198DEAA47AC}.Release|x86.ActiveCfg = Release|Any CPU
		{9ACCC806-5080-4695-A683-4198DEAA47AC}.Release|x86.Build.0 = Release|Any CPU
		{C4D76A2D-849C-4C1D-8AA6-7082F8251727}.Debug|Any CPU.ActiveCfg = Debug|Any CPU
		{C4D76A2D-849C-4C1D-8AA6-7082F8251727}.Debug|Any CPU.Build.0 = Debug|Any CPU
		{C4D76A2D-849C-4C1D-8AA6-7082F8251727}.Debug|x64.ActiveCfg = Debug|Any CPU
		{C4D76A2D-849C-4C1D-8AA6-7082F8251727}.Debug|x64.Build.0 = Debug|Any CPU
		{C4D76A2D-849C-4C1D-8AA6-7082F8251727}.Debug|x86.ActiveCfg = Debug|Any CPU
		{C4D76A2D-849C-4C1D-8AA6-7082F8251727}.Debug|x86.Build.0 = Debug|Any CPU
		{C4D76A2D-849C-4C1D-8AA6-7082F8251727}.Release|Any CPU.ActiveCfg = Release|Any CPU
		{C4D76A2D-849C-4C1D-8AA6-7082F8251727}.Release|Any CPU.Build.0 = Release|Any CPU
		{C4D76A2D-849C-4C1D-8AA6-7082F8251727}.Release|x64.ActiveCfg = Release|Any CPU
		{C4D76A2D-849C-4C1D-8AA6-7082F8251727}.Release|x64.Build.0 = Release|Any CPU
		{C4D76A2D-849C-4C1D-8AA6-7082F8251727}.Release|x86.ActiveCfg = Release|Any CPU
		{C4D76A2D-849C-4C1D-8AA6-7082F8251727}.Release|x86.Build.0 = Release|Any CPU
		{13ED9CD9-6A89-45B9-828E-47263DE959FE}.Debug|Any CPU.ActiveCfg = Debug|Any CPU
		{13ED9CD9-6A89-45B9-828E-47263DE959FE}.Debug|Any CPU.Build.0 = Debug|Any CPU
		{13ED9CD9-6A89-45B9-828E-47263DE959FE}.Debug|x64.ActiveCfg = Debug|Any CPU
		{13ED9CD9-6A89-45B9-828E-47263DE959FE}.Debug|x64.Build.0 = Debug|Any CPU
		{13ED9CD9-6A89-45B9-828E-47263DE959FE}.Debug|x86.ActiveCfg = Debug|Any CPU
		{13ED9CD9-6A89-45B9-828E-47263DE959FE}.Debug|x86.Build.0 = Debug|Any CPU
		{13ED9CD9-6A89-45B9-828E-47263DE959FE}.Release|Any CPU.ActiveCfg = Release|Any CPU
		{13ED9CD9-6A89-45B9-828E-47263DE959FE}.Release|Any CPU.Build.0 = Release|Any CPU
		{13ED9CD9-6A89-45B9-828E-47263DE959FE}.Release|x64.ActiveCfg = Release|Any CPU
		{13ED9CD9-6A89-45B9-828E-47263DE959FE}.Release|x64.Build.0 = Release|Any CPU
		{13ED9CD9-6A89-45B9-828E-47263DE959FE}.Release|x86.ActiveCfg = Release|Any CPU
		{13ED9CD9-6A89-45B9-828E-47263DE959FE}.Release|x86.Build.0 = Release|Any CPU
		{6CF28F52-1E72-47B2-8BE6-C9525A6D6B1B}.Debug|Any CPU.ActiveCfg = Debug|Any CPU
		{6CF28F52-1E72-47B2-8BE6-C9525A6D6B1B}.Debug|Any CPU.Build.0 = Debug|Any CPU
		{6CF28F52-1E72-47B2-8BE6-C9525A6D6B1B}.Debug|x64.ActiveCfg = Debug|Any CPU
		{6CF28F52-1E72-47B2-8BE6-C9525A6D6B1B}.Debug|x64.Build.0 = Debug|Any CPU
		{6CF28F52-1E72-47B2-8BE6-C9525A6D6B1B}.Debug|x86.ActiveCfg = Debug|Any CPU
		{6CF28F52-1E72-47B2-8BE6-C9525A6D6B1B}.Debug|x86.Build.0 = Debug|Any CPU
		{6CF28F52-1E72-47B2-8BE6-C9525A6D6B1B}.Release|Any CPU.ActiveCfg = Release|Any CPU
		{6CF28F52-1E72-47B2-8BE6-C9525A6D6B1B}.Release|Any CPU.Build.0 = Release|Any CPU
		{6CF28F52-1E72-47B2-8BE6-C9525A6D6B1B}.Release|x64.ActiveCfg = Release|Any CPU
		{6CF28F52-1E72-47B2-8BE6-C9525A6D6B1B}.Release|x64.Build.0 = Release|Any CPU
		{6CF28F52-1E72-47B2-8BE6-C9525A6D6B1B}.Release|x86.ActiveCfg = Release|Any CPU
		{6CF28F52-1E72-47B2-8BE6-C9525A6D6B1B}.Release|x86.Build.0 = Release|Any CPU
		{87D03983-872C-4DB9-952B-DC6DB93A4740}.Debug|Any CPU.ActiveCfg = Debug|Any CPU
		{87D03983-872C-4DB9-952B-DC6DB93A4740}.Debug|Any CPU.Build.0 = Debug|Any CPU
		{87D03983-872C-4DB9-952B-DC6DB93A4740}.Debug|x64.ActiveCfg = Debug|Any CPU
		{87D03983-872C-4DB9-952B-DC6DB93A4740}.Debug|x64.Build.0 = Debug|Any CPU
		{87D03983-872C-4DB9-952B-DC6DB93A4740}.Debug|x86.ActiveCfg = Debug|Any CPU
		{87D03983-872C-4DB9-952B-DC6DB93A4740}.Debug|x86.Build.0 = Debug|Any CPU
		{87D03983-872C-4DB9-952B-DC6DB93A4740}.Release|Any CPU.ActiveCfg = Release|Any CPU
		{87D03983-872C-4DB9-952B-DC6DB93A4740}.Release|Any CPU.Build.0 = Release|Any CPU
		{87D03983-872C-4DB9-952B-DC6DB93A4740}.Release|x64.ActiveCfg = Release|Any CPU
		{87D03983-872C-4DB9-952B-DC6DB93A4740}.Release|x64.Build.0 = Release|Any CPU
		{87D03983-872C-4DB9-952B-DC6DB93A4740}.Release|x86.ActiveCfg = Release|Any CPU
		{87D03983-872C-4DB9-952B-DC6DB93A4740}.Release|x86.Build.0 = Release|Any CPU
		{B4505EBC-ED1B-4B9F-B5D7-959528C22F80}.Debug|Any CPU.ActiveCfg = Debug|Any CPU
		{B4505EBC-ED1B-4B9F-B5D7-959528C22F80}.Debug|Any CPU.Build.0 = Debug|Any CPU
		{B4505EBC-ED1B-4B9F-B5D7-959528C22F80}.Debug|x64.ActiveCfg = Debug|Any CPU
		{B4505EBC-ED1B-4B9F-B5D7-959528C22F80}.Debug|x64.Build.0 = Debug|Any CPU
		{B4505EBC-ED1B-4B9F-B5D7-959528C22F80}.Debug|x86.ActiveCfg = Debug|Any CPU
		{B4505EBC-ED1B-4B9F-B5D7-959528C22F80}.Debug|x86.Build.0 = Debug|Any CPU
		{B4505EBC-ED1B-4B9F-B5D7-959528C22F80}.Release|Any CPU.ActiveCfg = Release|Any CPU
		{B4505EBC-ED1B-4B9F-B5D7-959528C22F80}.Release|Any CPU.Build.0 = Release|Any CPU
		{B4505EBC-ED1B-4B9F-B5D7-959528C22F80}.Release|x64.ActiveCfg = Release|Any CPU
		{B4505EBC-ED1B-4B9F-B5D7-959528C22F80}.Release|x64.Build.0 = Release|Any CPU
		{B4505EBC-ED1B-4B9F-B5D7-959528C22F80}.Release|x86.ActiveCfg = Release|Any CPU
		{B4505EBC-ED1B-4B9F-B5D7-959528C22F80}.Release|x86.Build.0 = Release|Any CPU
		{0D1D8521-50E4-4E47-8FDD-62E8FBC26F09}.Debug|Any CPU.ActiveCfg = Debug|Any CPU
		{0D1D8521-50E4-4E47-8FDD-62E8FBC26F09}.Debug|Any CPU.Build.0 = Debug|Any CPU
		{0D1D8521-50E4-4E47-8FDD-62E8FBC26F09}.Debug|x64.ActiveCfg = Debug|Any CPU
		{0D1D8521-50E4-4E47-8FDD-62E8FBC26F09}.Debug|x64.Build.0 = Debug|Any CPU
		{0D1D8521-50E4-4E47-8FDD-62E8FBC26F09}.Debug|x86.ActiveCfg = Debug|Any CPU
		{0D1D8521-50E4-4E47-8FDD-62E8FBC26F09}.Debug|x86.Build.0 = Debug|Any CPU
		{0D1D8521-50E4-4E47-8FDD-62E8FBC26F09}.Release|Any CPU.ActiveCfg = Release|Any CPU
		{0D1D8521-50E4-4E47-8FDD-62E8FBC26F09}.Release|Any CPU.Build.0 = Release|Any CPU
		{0D1D8521-50E4-4E47-8FDD-62E8FBC26F09}.Release|x64.ActiveCfg = Release|Any CPU
		{0D1D8521-50E4-4E47-8FDD-62E8FBC26F09}.Release|x64.Build.0 = Release|Any CPU
		{0D1D8521-50E4-4E47-8FDD-62E8FBC26F09}.Release|x86.ActiveCfg = Release|Any CPU
		{0D1D8521-50E4-4E47-8FDD-62E8FBC26F09}.Release|x86.Build.0 = Release|Any CPU
		{6CBEF29A-57D3-4F6A-BB1E-360936058899}.Debug|Any CPU.ActiveCfg = Debug|Any CPU
		{6CBEF29A-57D3-4F6A-BB1E-360936058899}.Debug|Any CPU.Build.0 = Debug|Any CPU
		{6CBEF29A-57D3-4F6A-BB1E-360936058899}.Debug|x64.ActiveCfg = Debug|Any CPU
		{6CBEF29A-57D3-4F6A-BB1E-360936058899}.Debug|x64.Build.0 = Debug|Any CPU
		{6CBEF29A-57D3-4F6A-BB1E-360936058899}.Debug|x86.ActiveCfg = Debug|Any CPU
		{6CBEF29A-57D3-4F6A-BB1E-360936058899}.Debug|x86.Build.0 = Debug|Any CPU
		{6CBEF29A-57D3-4F6A-BB1E-360936058899}.Release|Any CPU.ActiveCfg = Release|Any CPU
		{6CBEF29A-57D3-4F6A-BB1E-360936058899}.Release|Any CPU.Build.0 = Release|Any CPU
		{6CBEF29A-57D3-4F6A-BB1E-360936058899}.Release|x64.ActiveCfg = Release|Any CPU
		{6CBEF29A-57D3-4F6A-BB1E-360936058899}.Release|x64.Build.0 = Release|Any CPU
		{6CBEF29A-57D3-4F6A-BB1E-360936058899}.Release|x86.ActiveCfg = Release|Any CPU
		{6CBEF29A-57D3-4F6A-BB1E-360936058899}.Release|x86.Build.0 = Release|Any CPU
		{5A04697C-2D9A-449B-8211-1CB6FD246C09}.Debug|Any CPU.ActiveCfg = Debug|Any CPU
		{5A04697C-2D9A-449B-8211-1CB6FD246C09}.Debug|Any CPU.Build.0 = Debug|Any CPU
		{5A04697C-2D9A-449B-8211-1CB6FD246C09}.Debug|x64.ActiveCfg = Debug|Any CPU
		{5A04697C-2D9A-449B-8211-1CB6FD246C09}.Debug|x64.Build.0 = Debug|Any CPU
		{5A04697C-2D9A-449B-8211-1CB6FD246C09}.Debug|x86.ActiveCfg = Debug|Any CPU
		{5A04697C-2D9A-449B-8211-1CB6FD246C09}.Debug|x86.Build.0 = Debug|Any CPU
		{5A04697C-2D9A-449B-8211-1CB6FD246C09}.Release|Any CPU.ActiveCfg = Release|Any CPU
		{5A04697C-2D9A-449B-8211-1CB6FD246C09}.Release|Any CPU.Build.0 = Release|Any CPU
		{5A04697C-2D9A-449B-8211-1CB6FD246C09}.Release|x64.ActiveCfg = Release|Any CPU
		{5A04697C-2D9A-449B-8211-1CB6FD246C09}.Release|x64.Build.0 = Release|Any CPU
		{5A04697C-2D9A-449B-8211-1CB6FD246C09}.Release|x86.ActiveCfg = Release|Any CPU
		{5A04697C-2D9A-449B-8211-1CB6FD246C09}.Release|x86.Build.0 = Release|Any CPU
		{00765381-5526-4CC7-B2F9-A498AD5A7903}.Debug|Any CPU.ActiveCfg = Debug|Any CPU
		{00765381-5526-4CC7-B2F9-A498AD5A7903}.Debug|Any CPU.Build.0 = Debug|Any CPU
		{00765381-5526-4CC7-B2F9-A498AD5A7903}.Debug|x64.ActiveCfg = Debug|Any CPU
		{00765381-5526-4CC7-B2F9-A498AD5A7903}.Debug|x64.Build.0 = Debug|Any CPU
		{00765381-5526-4CC7-B2F9-A498AD5A7903}.Debug|x86.ActiveCfg = Debug|Any CPU
		{00765381-5526-4CC7-B2F9-A498AD5A7903}.Debug|x86.Build.0 = Debug|Any CPU
		{00765381-5526-4CC7-B2F9-A498AD5A7903}.Release|Any CPU.ActiveCfg = Release|Any CPU
		{00765381-5526-4CC7-B2F9-A498AD5A7903}.Release|Any CPU.Build.0 = Release|Any CPU
		{00765381-5526-4CC7-B2F9-A498AD5A7903}.Release|x64.ActiveCfg = Release|Any CPU
		{00765381-5526-4CC7-B2F9-A498AD5A7903}.Release|x64.Build.0 = Release|Any CPU
		{00765381-5526-4CC7-B2F9-A498AD5A7903}.Release|x86.ActiveCfg = Release|Any CPU
		{00765381-5526-4CC7-B2F9-A498AD5A7903}.Release|x86.Build.0 = Release|Any CPU
		{C6FA2F7B-8409-4053-BDC0-EEEC6C105132}.Debug|Any CPU.ActiveCfg = Debug|Any CPU
		{C6FA2F7B-8409-4053-BDC0-EEEC6C105132}.Debug|Any CPU.Build.0 = Debug|Any CPU
		{C6FA2F7B-8409-4053-BDC0-EEEC6C105132}.Debug|x64.ActiveCfg = Debug|Any CPU
		{C6FA2F7B-8409-4053-BDC0-EEEC6C105132}.Debug|x64.Build.0 = Debug|Any CPU
		{C6FA2F7B-8409-4053-BDC0-EEEC6C105132}.Debug|x86.ActiveCfg = Debug|Any CPU
		{C6FA2F7B-8409-4053-BDC0-EEEC6C105132}.Debug|x86.Build.0 = Debug|Any CPU
		{C6FA2F7B-8409-4053-BDC0-EEEC6C105132}.Release|Any CPU.ActiveCfg = Release|Any CPU
		{C6FA2F7B-8409-4053-BDC0-EEEC6C105132}.Release|Any CPU.Build.0 = Release|Any CPU
		{C6FA2F7B-8409-4053-BDC0-EEEC6C105132}.Release|x64.ActiveCfg = Release|Any CPU
		{C6FA2F7B-8409-4053-BDC0-EEEC6C105132}.Release|x64.Build.0 = Release|Any CPU
		{C6FA2F7B-8409-4053-BDC0-EEEC6C105132}.Release|x86.ActiveCfg = Release|Any CPU
		{C6FA2F7B-8409-4053-BDC0-EEEC6C105132}.Release|x86.Build.0 = Release|Any CPU
		{08F15B16-6E14-4DB9-B710-859828612CBE}.Debug|Any CPU.ActiveCfg = Debug|Any CPU
		{08F15B16-6E14-4DB9-B710-859828612CBE}.Debug|Any CPU.Build.0 = Debug|Any CPU
		{08F15B16-6E14-4DB9-B710-859828612CBE}.Debug|x64.ActiveCfg = Debug|Any CPU
		{08F15B16-6E14-4DB9-B710-859828612CBE}.Debug|x64.Build.0 = Debug|Any CPU
		{08F15B16-6E14-4DB9-B710-859828612CBE}.Debug|x86.ActiveCfg = Debug|Any CPU
		{08F15B16-6E14-4DB9-B710-859828612CBE}.Debug|x86.Build.0 = Debug|Any CPU
		{08F15B16-6E14-4DB9-B710-859828612CBE}.Release|Any CPU.ActiveCfg = Release|Any CPU
		{08F15B16-6E14-4DB9-B710-859828612CBE}.Release|Any CPU.Build.0 = Release|Any CPU
		{08F15B16-6E14-4DB9-B710-859828612CBE}.Release|x64.ActiveCfg = Release|Any CPU
		{08F15B16-6E14-4DB9-B710-859828612CBE}.Release|x64.Build.0 = Release|Any CPU
		{08F15B16-6E14-4DB9-B710-859828612CBE}.Release|x86.ActiveCfg = Release|Any CPU
		{08F15B16-6E14-4DB9-B710-859828612CBE}.Release|x86.Build.0 = Release|Any CPU
		{464DB320-E835-440B-9A7F-D6BBAEC530F2}.Debug|Any CPU.ActiveCfg = Debug|Any CPU
		{464DB320-E835-440B-9A7F-D6BBAEC530F2}.Debug|Any CPU.Build.0 = Debug|Any CPU
		{464DB320-E835-440B-9A7F-D6BBAEC530F2}.Debug|x64.ActiveCfg = Debug|Any CPU
		{464DB320-E835-440B-9A7F-D6BBAEC530F2}.Debug|x64.Build.0 = Debug|Any CPU
		{464DB320-E835-440B-9A7F-D6BBAEC530F2}.Debug|x86.ActiveCfg = Debug|Any CPU
		{464DB320-E835-440B-9A7F-D6BBAEC530F2}.Debug|x86.Build.0 = Debug|Any CPU
		{464DB320-E835-440B-9A7F-D6BBAEC530F2}.Release|Any CPU.ActiveCfg = Release|Any CPU
		{464DB320-E835-440B-9A7F-D6BBAEC530F2}.Release|Any CPU.Build.0 = Release|Any CPU
		{464DB320-E835-440B-9A7F-D6BBAEC530F2}.Release|x64.ActiveCfg = Release|Any CPU
		{464DB320-E835-440B-9A7F-D6BBAEC530F2}.Release|x64.Build.0 = Release|Any CPU
		{464DB320-E835-440B-9A7F-D6BBAEC530F2}.Release|x86.ActiveCfg = Release|Any CPU
		{464DB320-E835-440B-9A7F-D6BBAEC530F2}.Release|x86.Build.0 = Release|Any CPU
		{7886D335-2A1C-496F-9C55-E2533227C498}.Debug|Any CPU.ActiveCfg = Debug|Any CPU
		{7886D335-2A1C-496F-9C55-E2533227C498}.Debug|Any CPU.Build.0 = Debug|Any CPU
		{7886D335-2A1C-496F-9C55-E2533227C498}.Debug|x64.ActiveCfg = Debug|Any CPU
		{7886D335-2A1C-496F-9C55-E2533227C498}.Debug|x64.Build.0 = Debug|Any CPU
		{7886D335-2A1C-496F-9C55-E2533227C498}.Debug|x86.ActiveCfg = Debug|Any CPU
		{7886D335-2A1C-496F-9C55-E2533227C498}.Debug|x86.Build.0 = Debug|Any CPU
		{7886D335-2A1C-496F-9C55-E2533227C498}.Release|Any CPU.ActiveCfg = Release|Any CPU
		{7886D335-2A1C-496F-9C55-E2533227C498}.Release|Any CPU.Build.0 = Release|Any CPU
		{7886D335-2A1C-496F-9C55-E2533227C498}.Release|x64.ActiveCfg = Release|Any CPU
		{7886D335-2A1C-496F-9C55-E2533227C498}.Release|x64.Build.0 = Release|Any CPU
		{7886D335-2A1C-496F-9C55-E2533227C498}.Release|x86.ActiveCfg = Release|Any CPU
		{7886D335-2A1C-496F-9C55-E2533227C498}.Release|x86.Build.0 = Release|Any CPU
		{303793A5-C391-4B0A-9BAB-F316A03ED959}.Debug|Any CPU.ActiveCfg = Debug|Any CPU
		{303793A5-C391-4B0A-9BAB-F316A03ED959}.Debug|Any CPU.Build.0 = Debug|Any CPU
		{303793A5-C391-4B0A-9BAB-F316A03ED959}.Debug|x64.ActiveCfg = Debug|Any CPU
		{303793A5-C391-4B0A-9BAB-F316A03ED959}.Debug|x64.Build.0 = Debug|Any CPU
		{303793A5-C391-4B0A-9BAB-F316A03ED959}.Debug|x86.ActiveCfg = Debug|Any CPU
		{303793A5-C391-4B0A-9BAB-F316A03ED959}.Debug|x86.Build.0 = Debug|Any CPU
		{303793A5-C391-4B0A-9BAB-F316A03ED959}.Release|Any CPU.ActiveCfg = Release|Any CPU
		{303793A5-C391-4B0A-9BAB-F316A03ED959}.Release|Any CPU.Build.0 = Release|Any CPU
		{303793A5-C391-4B0A-9BAB-F316A03ED959}.Release|x64.ActiveCfg = Release|Any CPU
		{303793A5-C391-4B0A-9BAB-F316A03ED959}.Release|x64.Build.0 = Release|Any CPU
		{303793A5-C391-4B0A-9BAB-F316A03ED959}.Release|x86.ActiveCfg = Release|Any CPU
		{303793A5-C391-4B0A-9BAB-F316A03ED959}.Release|x86.Build.0 = Release|Any CPU
		{BA91111F-7035-4AE7-B82B-07EF303EA947}.Debug|Any CPU.ActiveCfg = Debug|Any CPU
		{BA91111F-7035-4AE7-B82B-07EF303EA947}.Debug|Any CPU.Build.0 = Debug|Any CPU
		{BA91111F-7035-4AE7-B82B-07EF303EA947}.Debug|x64.ActiveCfg = Debug|Any CPU
		{BA91111F-7035-4AE7-B82B-07EF303EA947}.Debug|x64.Build.0 = Debug|Any CPU
		{BA91111F-7035-4AE7-B82B-07EF303EA947}.Debug|x86.ActiveCfg = Debug|Any CPU
		{BA91111F-7035-4AE7-B82B-07EF303EA947}.Debug|x86.Build.0 = Debug|Any CPU
		{BA91111F-7035-4AE7-B82B-07EF303EA947}.Release|Any CPU.ActiveCfg = Release|Any CPU
		{BA91111F-7035-4AE7-B82B-07EF303EA947}.Release|Any CPU.Build.0 = Release|Any CPU
		{BA91111F-7035-4AE7-B82B-07EF303EA947}.Release|x64.ActiveCfg = Release|Any CPU
		{BA91111F-7035-4AE7-B82B-07EF303EA947}.Release|x64.Build.0 = Release|Any CPU
		{BA91111F-7035-4AE7-B82B-07EF303EA947}.Release|x86.ActiveCfg = Release|Any CPU
		{BA91111F-7035-4AE7-B82B-07EF303EA947}.Release|x86.Build.0 = Release|Any CPU
		{B447E8ED-6EAB-4CA0-B0FD-712D356DAFCA}.Debug|Any CPU.ActiveCfg = Debug|Any CPU
		{B447E8ED-6EAB-4CA0-B0FD-712D356DAFCA}.Debug|Any CPU.Build.0 = Debug|Any CPU
		{B447E8ED-6EAB-4CA0-B0FD-712D356DAFCA}.Debug|x64.ActiveCfg = Debug|Any CPU
		{B447E8ED-6EAB-4CA0-B0FD-712D356DAFCA}.Debug|x64.Build.0 = Debug|Any CPU
		{B447E8ED-6EAB-4CA0-B0FD-712D356DAFCA}.Debug|x86.ActiveCfg = Debug|Any CPU
		{B447E8ED-6EAB-4CA0-B0FD-712D356DAFCA}.Debug|x86.Build.0 = Debug|Any CPU
		{B447E8ED-6EAB-4CA0-B0FD-712D356DAFCA}.Release|Any CPU.ActiveCfg = Release|Any CPU
		{B447E8ED-6EAB-4CA0-B0FD-712D356DAFCA}.Release|Any CPU.Build.0 = Release|Any CPU
		{B447E8ED-6EAB-4CA0-B0FD-712D356DAFCA}.Release|x64.ActiveCfg = Release|Any CPU
		{B447E8ED-6EAB-4CA0-B0FD-712D356DAFCA}.Release|x64.Build.0 = Release|Any CPU
		{B447E8ED-6EAB-4CA0-B0FD-712D356DAFCA}.Release|x86.ActiveCfg = Release|Any CPU
		{B447E8ED-6EAB-4CA0-B0FD-712D356DAFCA}.Release|x86.Build.0 = Release|Any CPU
		{B35133E0-21DD-4559-A651-B0A68EC61A95}.Debug|Any CPU.ActiveCfg = Debug|Any CPU
		{B35133E0-21DD-4559-A651-B0A68EC61A95}.Debug|Any CPU.Build.0 = Debug|Any CPU
		{B35133E0-21DD-4559-A651-B0A68EC61A95}.Debug|x64.ActiveCfg = Debug|Any CPU
		{B35133E0-21DD-4559-A651-B0A68EC61A95}.Debug|x64.Build.0 = Debug|Any CPU
		{B35133E0-21DD-4559-A651-B0A68EC61A95}.Debug|x86.ActiveCfg = Debug|Any CPU
		{B35133E0-21DD-4559-A651-B0A68EC61A95}.Debug|x86.Build.0 = Debug|Any CPU
		{B35133E0-21DD-4559-A651-B0A68EC61A95}.Release|Any CPU.ActiveCfg = Release|Any CPU
		{B35133E0-21DD-4559-A651-B0A68EC61A95}.Release|Any CPU.Build.0 = Release|Any CPU
		{B35133E0-21DD-4559-A651-B0A68EC61A95}.Release|x64.ActiveCfg = Release|Any CPU
		{B35133E0-21DD-4559-A651-B0A68EC61A95}.Release|x64.Build.0 = Release|Any CPU
		{B35133E0-21DD-4559-A651-B0A68EC61A95}.Release|x86.ActiveCfg = Release|Any CPU
		{B35133E0-21DD-4559-A651-B0A68EC61A95}.Release|x86.Build.0 = Release|Any CPU
		{99758986-0B47-499D-AC40-8016B747F1FF}.Debug|Any CPU.ActiveCfg = Debug|Any CPU
		{99758986-0B47-499D-AC40-8016B747F1FF}.Debug|Any CPU.Build.0 = Debug|Any CPU
		{99758986-0B47-499D-AC40-8016B747F1FF}.Debug|x64.ActiveCfg = Debug|Any CPU
		{99758986-0B47-499D-AC40-8016B747F1FF}.Debug|x64.Build.0 = Debug|Any CPU
		{99758986-0B47-499D-AC40-8016B747F1FF}.Debug|x86.ActiveCfg = Debug|Any CPU
		{99758986-0B47-499D-AC40-8016B747F1FF}.Debug|x86.Build.0 = Debug|Any CPU
		{99758986-0B47-499D-AC40-8016B747F1FF}.Release|Any CPU.ActiveCfg = Release|Any CPU
		{99758986-0B47-499D-AC40-8016B747F1FF}.Release|Any CPU.Build.0 = Release|Any CPU
		{99758986-0B47-499D-AC40-8016B747F1FF}.Release|x64.ActiveCfg = Release|Any CPU
		{99758986-0B47-499D-AC40-8016B747F1FF}.Release|x64.Build.0 = Release|Any CPU
		{99758986-0B47-499D-AC40-8016B747F1FF}.Release|x86.ActiveCfg = Release|Any CPU
		{99758986-0B47-499D-AC40-8016B747F1FF}.Release|x86.Build.0 = Release|Any CPU
		{1BEDDD6C-7DA7-41CB-AF34-E4E16F720C87}.Debug|Any CPU.ActiveCfg = Debug|Any CPU
		{1BEDDD6C-7DA7-41CB-AF34-E4E16F720C87}.Debug|Any CPU.Build.0 = Debug|Any CPU
		{1BEDDD6C-7DA7-41CB-AF34-E4E16F720C87}.Debug|x64.ActiveCfg = Debug|Any CPU
		{1BEDDD6C-7DA7-41CB-AF34-E4E16F720C87}.Debug|x64.Build.0 = Debug|Any CPU
		{1BEDDD6C-7DA7-41CB-AF34-E4E16F720C87}.Debug|x86.ActiveCfg = Debug|Any CPU
		{1BEDDD6C-7DA7-41CB-AF34-E4E16F720C87}.Debug|x86.Build.0 = Debug|Any CPU
		{1BEDDD6C-7DA7-41CB-AF34-E4E16F720C87}.Release|Any CPU.ActiveCfg = Release|Any CPU
		{1BEDDD6C-7DA7-41CB-AF34-E4E16F720C87}.Release|Any CPU.Build.0 = Release|Any CPU
		{1BEDDD6C-7DA7-41CB-AF34-E4E16F720C87}.Release|x64.ActiveCfg = Release|Any CPU
		{1BEDDD6C-7DA7-41CB-AF34-E4E16F720C87}.Release|x64.Build.0 = Release|Any CPU
		{1BEDDD6C-7DA7-41CB-AF34-E4E16F720C87}.Release|x86.ActiveCfg = Release|Any CPU
		{1BEDDD6C-7DA7-41CB-AF34-E4E16F720C87}.Release|x86.Build.0 = Release|Any CPU
		{B598691B-938C-4DDA-BA0D-EDF007C0B82B}.Debug|Any CPU.ActiveCfg = Debug|Any CPU
		{B598691B-938C-4DDA-BA0D-EDF007C0B82B}.Debug|Any CPU.Build.0 = Debug|Any CPU
		{B598691B-938C-4DDA-BA0D-EDF007C0B82B}.Debug|x64.ActiveCfg = Debug|Any CPU
		{B598691B-938C-4DDA-BA0D-EDF007C0B82B}.Debug|x64.Build.0 = Debug|Any CPU
		{B598691B-938C-4DDA-BA0D-EDF007C0B82B}.Debug|x86.ActiveCfg = Debug|Any CPU
		{B598691B-938C-4DDA-BA0D-EDF007C0B82B}.Debug|x86.Build.0 = Debug|Any CPU
		{B598691B-938C-4DDA-BA0D-EDF007C0B82B}.Release|Any CPU.ActiveCfg = Release|Any CPU
		{B598691B-938C-4DDA-BA0D-EDF007C0B82B}.Release|Any CPU.Build.0 = Release|Any CPU
		{B598691B-938C-4DDA-BA0D-EDF007C0B82B}.Release|x64.ActiveCfg = Release|Any CPU
		{B598691B-938C-4DDA-BA0D-EDF007C0B82B}.Release|x64.Build.0 = Release|Any CPU
		{B598691B-938C-4DDA-BA0D-EDF007C0B82B}.Release|x86.ActiveCfg = Release|Any CPU
		{B598691B-938C-4DDA-BA0D-EDF007C0B82B}.Release|x86.Build.0 = Release|Any CPU
		{467369E4-33A3-4E14-A95C-7A7AF45A892B}.Debug|Any CPU.ActiveCfg = Debug|Any CPU
		{467369E4-33A3-4E14-A95C-7A7AF45A892B}.Debug|Any CPU.Build.0 = Debug|Any CPU
		{467369E4-33A3-4E14-A95C-7A7AF45A892B}.Debug|x64.ActiveCfg = Debug|Any CPU
		{467369E4-33A3-4E14-A95C-7A7AF45A892B}.Debug|x64.Build.0 = Debug|Any CPU
		{467369E4-33A3-4E14-A95C-7A7AF45A892B}.Debug|x86.ActiveCfg = Debug|Any CPU
		{467369E4-33A3-4E14-A95C-7A7AF45A892B}.Debug|x86.Build.0 = Debug|Any CPU
		{467369E4-33A3-4E14-A95C-7A7AF45A892B}.Release|Any CPU.ActiveCfg = Release|Any CPU
		{467369E4-33A3-4E14-A95C-7A7AF45A892B}.Release|Any CPU.Build.0 = Release|Any CPU
		{467369E4-33A3-4E14-A95C-7A7AF45A892B}.Release|x64.ActiveCfg = Release|Any CPU
		{467369E4-33A3-4E14-A95C-7A7AF45A892B}.Release|x64.Build.0 = Release|Any CPU
		{467369E4-33A3-4E14-A95C-7A7AF45A892B}.Release|x86.ActiveCfg = Release|Any CPU
		{467369E4-33A3-4E14-A95C-7A7AF45A892B}.Release|x86.Build.0 = Release|Any CPU
		{1378B332-89A8-41D1-8176-572E90F30D99}.Debug|Any CPU.ActiveCfg = Debug|Any CPU
		{1378B332-89A8-41D1-8176-572E90F30D99}.Debug|Any CPU.Build.0 = Debug|Any CPU
		{1378B332-89A8-41D1-8176-572E90F30D99}.Debug|x64.ActiveCfg = Debug|Any CPU
		{1378B332-89A8-41D1-8176-572E90F30D99}.Debug|x64.Build.0 = Debug|Any CPU
		{1378B332-89A8-41D1-8176-572E90F30D99}.Debug|x86.ActiveCfg = Debug|Any CPU
		{1378B332-89A8-41D1-8176-572E90F30D99}.Debug|x86.Build.0 = Debug|Any CPU
		{1378B332-89A8-41D1-8176-572E90F30D99}.Release|Any CPU.ActiveCfg = Release|Any CPU
		{1378B332-89A8-41D1-8176-572E90F30D99}.Release|Any CPU.Build.0 = Release|Any CPU
		{1378B332-89A8-41D1-8176-572E90F30D99}.Release|x64.ActiveCfg = Release|Any CPU
		{1378B332-89A8-41D1-8176-572E90F30D99}.Release|x64.Build.0 = Release|Any CPU
		{1378B332-89A8-41D1-8176-572E90F30D99}.Release|x86.ActiveCfg = Release|Any CPU
		{1378B332-89A8-41D1-8176-572E90F30D99}.Release|x86.Build.0 = Release|Any CPU
		{B6C96CFD-90FE-4B5A-B611-876834EE107E}.Debug|Any CPU.ActiveCfg = Debug|Any CPU
		{B6C96CFD-90FE-4B5A-B611-876834EE107E}.Debug|Any CPU.Build.0 = Debug|Any CPU
		{B6C96CFD-90FE-4B5A-B611-876834EE107E}.Debug|x64.ActiveCfg = Debug|Any CPU
		{B6C96CFD-90FE-4B5A-B611-876834EE107E}.Debug|x64.Build.0 = Debug|Any CPU
		{B6C96CFD-90FE-4B5A-B611-876834EE107E}.Debug|x86.ActiveCfg = Debug|Any CPU
		{B6C96CFD-90FE-4B5A-B611-876834EE107E}.Debug|x86.Build.0 = Debug|Any CPU
		{B6C96CFD-90FE-4B5A-B611-876834EE107E}.Release|Any CPU.ActiveCfg = Release|Any CPU
		{B6C96CFD-90FE-4B5A-B611-876834EE107E}.Release|Any CPU.Build.0 = Release|Any CPU
		{B6C96CFD-90FE-4B5A-B611-876834EE107E}.Release|x64.ActiveCfg = Release|Any CPU
		{B6C96CFD-90FE-4B5A-B611-876834EE107E}.Release|x64.Build.0 = Release|Any CPU
		{B6C96CFD-90FE-4B5A-B611-876834EE107E}.Release|x86.ActiveCfg = Release|Any CPU
		{B6C96CFD-90FE-4B5A-B611-876834EE107E}.Release|x86.Build.0 = Release|Any CPU
	EndGlobalSection
	GlobalSection(SolutionProperties) = preSolution
		HideSolutionNode = FALSE
	EndGlobalSection
	GlobalSection(ExtensibilityGlobals) = postSolution
		SolutionGuid = {817568A7-CAC8-4BB9-8807-6D92B0F8CF8D}
	EndGlobalSection
EndGlobal
