
Microsoft Visual Studio Solution File, Format Version 12.00
# Visual Studio Version 17
VisualStudioVersion = 17.7.34031.279
MinimumVisualStudioVersion = 10.0.40219.1
Project("{FAE04EC0-301F-11D3-BF4B-00C04F79EFBC}") = "CheckPoint01", "CheckPoint01\CheckPoint01.csproj", "{F5A0B0B4-7450-4E9B-A932-98FC126F3BC4}"
EndProject
Project("{FAE04EC0-301F-11D3-BF4B-00C04F79EFBC}") = "CheckPoint02", "CheckPoint02\CheckPoint02.csproj", "{01D60E73-7220-4AF9-9DCA-7442A3FF303E}"
EndProject
Project("{FAE04EC0-301F-11D3-BF4B-00C04F79EFBC}") = "CheckPoint03", "CheckPoint03\CheckPoint03.csproj", "{FADD7BBC-0960-47D5-9D22-0EED05D79501}"
EndProject
Project("{FAE04EC0-301F-11D3-BF4B-00C04F79EFBC}") = "CheckPoint04", "CheckPoint04\CheckPoint04.csproj", "{08D26915-7D4E-43FF-872D-CA4349F87182}"
EndProject
Project("{FAE04EC0-301F-11D3-BF4B-00C04F79EFBC}") = "CheckPoint05", "CheckPoint05\CheckPoint05.csproj", "{EE52A8D4-B996-412C-B537-DB9674AF131E}"
EndProject
Project("{FAE04EC0-301F-11D3-BF4B-00C04F79EFBC}") = "058_Func1", "058_Func1\058_Func1.csproj", "{CFDBD0DB-A478-4026-BF2E-CF2BFC5D2C2A}"
EndProject
Project("{FAE04EC0-301F-11D3-BF4B-00C04F79EFBC}") = "059_Func2", "059_Func2\059_Func2.csproj", "{DB34B7B3-AE97-48DD-B0EC-BCA3B66FA4C4}"
EndProject
Project("{FAE04EC0-301F-11D3-BF4B-00C04F79EFBC}") = "060_Func3", "060_Func3\060_Func3.csproj", "{2B02544D-B589-402B-8A52-E2759637E1E8}"
EndProject
Project("{FAE04EC0-301F-11D3-BF4B-00C04F79EFBC}") = "061_Func4", "061_Func4\061_Func4.csproj", "{67603134-00F8-4E13-91BB-AEA44F02B333}"
EndProject
Project("{FAE04EC0-301F-11D3-BF4B-00C04F79EFBC}") = "062_FuncSwap", "062_FuncSwap\062_FuncSwap.csproj", "{EBCE480F-184B-4E11-8F13-5598A13A4991}"
EndProject
Project("{FAE04EC0-301F-11D3-BF4B-00C04F79EFBC}") = "063_Func_out", "063_Func_out\063_Func_out.csproj", "{9ACCC806-5080-4695-A683-4198DEAA47AC}"
EndProject
Project("{FAE04EC0-301F-11D3-BF4B-00C04F79EFBC}") = "Homework", "Homework\Homework.csproj", "{C4D76A2D-849C-4C1D-8AA6-7082F8251727}"
EndProject
Project("{FAE04EC0-301F-11D3-BF4B-00C04F79EFBC}") = "064_Func_default", "064_Func_default\064_Func_default.csproj", "{13ED9CD9-6A89-45B9-828E-47263DE959FE}"
EndProject
Project("{FAE04EC0-301F-11D3-BF4B-00C04F79EFBC}") = "065_Func_Overloading", "065_Func_Overloading\065_Func_Overloading.csproj", "{6CF28F52-1E72-47B2-8BE6-C9525A6D6B1B}"
EndProject
Project("{FAE04EC0-301F-11D3-BF4B-00C04F79EFBC}") = "066_Func_params", "066_Func_params\066_Func_params.csproj", "{87D03983-872C-4DB9-952B-DC6DB93A4740}"
EndProject
Global
	GlobalSection(SolutionConfigurationPlatforms) = preSolution
		Debug|Any CPU = Debug|Any CPU
		Release|Any CPU = Release|Any CPU
	EndGlobalSection
	GlobalSection(ProjectConfigurationPlatforms) = postSolution
		{F5A0B0B4-7450-4E9B-A932-98FC126F3BC4}.Debug|Any CPU.ActiveCfg = Debug|Any CPU
		{F5A0B0B4-7450-4E9B-A932-98FC126F3BC4}.Debug|Any CPU.Build.0 = Debug|Any CPU
		{F5A0B0B4-7450-4E9B-A932-98FC126F3BC4}.Release|Any CPU.ActiveCfg = Release|Any CPU
		{F5A0B0B4-7450-4E9B-A932-98FC126F3BC4}.Release|Any CPU.Build.0 = Release|Any CPU
		{01D60E73-7220-4AF9-9DCA-7442A3FF303E}.Debug|Any CPU.ActiveCfg = Debug|Any CPU
		{01D60E73-7220-4AF9-9DCA-7442A3FF303E}.Debug|Any CPU.Build.0 = Debug|Any CPU
		{01D60E73-7220-4AF9-9DCA-7442A3FF303E}.Release|Any CPU.ActiveCfg = Release|Any CPU
		{01D60E73-7220-4AF9-9DCA-7442A3FF303E}.Release|Any CPU.Build.0 = Release|Any CPU
		{FADD7BBC-0960-47D5-9D22-0EED05D79501}.Debug|Any CPU.ActiveCfg = Debug|Any CPU
		{FADD7BBC-0960-47D5-9D22-0EED05D79501}.Debug|Any CPU.Build.0 = Debug|Any CPU
		{FADD7BBC-0960-47D5-9D22-0EED05D79501}.Release|Any CPU.ActiveCfg = Release|Any CPU
		{FADD7BBC-0960-47D5-9D22-0EED05D79501}.Release|Any CPU.Build.0 = Release|Any CPU
		{08D26915-7D4E-43FF-872D-CA4349F87182}.Debug|Any CPU.ActiveCfg = Debug|Any CPU
		{08D26915-7D4E-43FF-872D-CA4349F87182}.Debug|Any CPU.Build.0 = Debug|Any CPU
		{08D26915-7D4E-43FF-872D-CA4349F87182}.Release|Any CPU.ActiveCfg = Release|Any CPU
		{08D26915-7D4E-43FF-872D-CA4349F87182}.Release|Any CPU.Build.0 = Release|Any CPU
		{EE52A8D4-B996-412C-B537-DB9674AF131E}.Debug|Any CPU.ActiveCfg = Debug|Any CPU
		{EE52A8D4-B996-412C-B537-DB9674AF131E}.Debug|Any CPU.Build.0 = Debug|Any CPU
		{EE52A8D4-B996-412C-B537-DB9674AF131E}.Release|Any CPU.ActiveCfg = Release|Any CPU
		{EE52A8D4-B996-412C-B537-DB9674AF131E}.Release|Any CPU.Build.0 = Release|Any CPU
		{CFDBD0DB-A478-4026-BF2E-CF2BFC5D2C2A}.Debug|Any CPU.ActiveCfg = Debug|Any CPU
		{CFDBD0DB-A478-4026-BF2E-CF2BFC5D2C2A}.Debug|Any CPU.Build.0 = Debug|Any CPU
		{CFDBD0DB-A478-4026-BF2E-CF2BFC5D2C2A}.Release|Any CPU.ActiveCfg = Release|Any CPU
		{CFDBD0DB-A478-4026-BF2E-CF2BFC5D2C2A}.Release|Any CPU.Build.0 = Release|Any CPU
		{DB34B7B3-AE97-48DD-B0EC-BCA3B66FA4C4}.Debug|Any CPU.ActiveCfg = Debug|Any CPU
		{DB34B7B3-AE97-48DD-B0EC-BCA3B66FA4C4}.Debug|Any CPU.Build.0 = Debug|Any CPU
		{DB34B7B3-AE97-48DD-B0EC-BCA3B66FA4C4}.Release|Any CPU.ActiveCfg = Release|Any CPU
		{DB34B7B3-AE97-48DD-B0EC-BCA3B66FA4C4}.Release|Any CPU.Build.0 = Release|Any CPU
		{2B02544D-B589-402B-8A52-E2759637E1E8}.Debug|Any CPU.ActiveCfg = Debug|Any CPU
		{2B02544D-B589-402B-8A52-E2759637E1E8}.Debug|Any CPU.Build.0 = Debug|Any CPU
		{2B02544D-B589-402B-8A52-E2759637E1E8}.Release|Any CPU.ActiveCfg = Release|Any CPU
		{2B02544D-B589-402B-8A52-E2759637E1E8}.Release|Any CPU.Build.0 = Release|Any CPU
		{67603134-00F8-4E13-91BB-AEA44F02B333}.Debug|Any CPU.ActiveCfg = Debug|Any CPU
		{67603134-00F8-4E13-91BB-AEA44F02B333}.Debug|Any CPU.Build.0 = Debug|Any CPU
		{67603134-00F8-4E13-91BB-AEA44F02B333}.Release|Any CPU.ActiveCfg = Release|Any CPU
		{67603134-00F8-4E13-91BB-AEA44F02B333}.Release|Any CPU.Build.0 = Release|Any CPU
		{EBCE480F-184B-4E11-8F13-5598A13A4991}.Debug|Any CPU.ActiveCfg = Debug|Any CPU
		{EBCE480F-184B-4E11-8F13-5598A13A4991}.Debug|Any CPU.Build.0 = Debug|Any CPU
		{EBCE480F-184B-4E11-8F13-5598A13A4991}.Release|Any CPU.ActiveCfg = Release|Any CPU
		{EBCE480F-184B-4E11-8F13-5598A13A4991}.Release|Any CPU.Build.0 = Release|Any CPU
		{9ACCC806-5080-4695-A683-4198DEAA47AC}.Debug|Any CPU.ActiveCfg = Debug|Any CPU
		{9ACCC806-5080-4695-A683-4198DEAA47AC}.Debug|Any CPU.Build.0 = Debug|Any CPU
		{9ACCC806-5080-4695-A683-4198DEAA47AC}.Release|Any CPU.ActiveCfg = Release|Any CPU
		{9ACCC806-5080-4695-A683-4198DEAA47AC}.Release|Any CPU.Build.0 = Release|Any CPU
		{C4D76A2D-849C-4C1D-8AA6-7082F8251727}.Debug|Any CPU.ActiveCfg = Debug|Any CPU
		{C4D76A2D-849C-4C1D-8AA6-7082F8251727}.Debug|Any CPU.Build.0 = Debug|Any CPU
		{C4D76A2D-849C-4C1D-8AA6-7082F8251727}.Release|Any CPU.ActiveCfg = Release|Any CPU
		{C4D76A2D-849C-4C1D-8AA6-7082F8251727}.Release|Any CPU.Build.0 = Release|Any CPU
		{13ED9CD9-6A89-45B9-828E-47263DE959FE}.Debug|Any CPU.ActiveCfg = Debug|Any CPU
		{13ED9CD9-6A89-45B9-828E-47263DE959FE}.Debug|Any CPU.Build.0 = Debug|Any CPU
		{13ED9CD9-6A89-45B9-828E-47263DE959FE}.Release|Any CPU.ActiveCfg = Release|Any CPU
		{13ED9CD9-6A89-45B9-828E-47263DE959FE}.Release|Any CPU.Build.0 = Release|Any CPU
		{6CF28F52-1E72-47B2-8BE6-C9525A6D6B1B}.Debug|Any CPU.ActiveCfg = Debug|Any CPU
		{6CF28F52-1E72-47B2-8BE6-C9525A6D6B1B}.Debug|Any CPU.Build.0 = Debug|Any CPU
		{6CF28F52-1E72-47B2-8BE6-C9525A6D6B1B}.Release|Any CPU.ActiveCfg = Release|Any CPU
		{6CF28F52-1E72-47B2-8BE6-C9525A6D6B1B}.Release|Any CPU.Build.0 = Release|Any CPU
		{87D03983-872C-4DB9-952B-DC6DB93A4740}.Debug|Any CPU.ActiveCfg = Debug|Any CPU
		{87D03983-872C-4DB9-952B-DC6DB93A4740}.Debug|Any CPU.Build.0 = Debug|Any CPU
		{87D03983-872C-4DB9-952B-DC6DB93A4740}.Release|Any CPU.ActiveCfg = Release|Any CPU
		{87D03983-872C-4DB9-952B-DC6DB93A4740}.Release|Any CPU.Build.0 = Release|Any CPU
	EndGlobalSection
	GlobalSection(SolutionProperties) = preSolution
		HideSolutionNode = FALSE
	EndGlobalSection
	GlobalSection(ExtensibilityGlobals) = postSolution
		SolutionGuid = {817568A7-CAC8-4BB9-8807-6D92B0F8CF8D}
	EndGlobalSection
EndGlobal
